// !$*UTF8*$!
{
	archiveVersion = 1;
	classes = {
	};
	objectVersion = 46;
	objects = {

/* Begin PBXBuildFile section */
		01B5B6086347BEC48F2A659E /* WhisperModelManager.swift in Sources */ = {isa = PBXBuildFile; fileRef = 9780D1B445C61A49942488D0 /* WhisperModelManager.swift */; };
		0644A2145482D4E7E0E5F5E7 /* CompanionTouchMapper.swift in Sources */ = {isa = PBXBuildFile; fileRef = D216C7E3DB5034EE248DE82A /* CompanionTouchMapper.swift */; };
		0A126F1CCFA38B3B55DDD7D1 /* CompanionHEVCSampleBuilder.swift in Sources */ = {isa = PBXBuildFile; fileRef = D1FB0585F62C28BF79661E76 /* CompanionHEVCSampleBuilder.swift */; };
		0CE1ECF90278E7435936D6D0 /* Data+BigEndian.swift in Sources */ = {isa = PBXBuildFile; fileRef = F2261B61AE729860B406CFF0 /* Data+BigEndian.swift */; };
		0D6EEAA42023692ED56F3840 /* RemoteCommand.swift in Sources */ = {isa = PBXBuildFile; fileRef = ABD3659BBD11AF3ACCAEE8FE /* RemoteCommand.swift */; };
		0F5AC2DB0B46F8D37CA2B1AC /* CompanionPushRelay.swift in Sources */ = {isa = PBXBuildFile; fileRef = D80472616F40B375A553B4E8 /* CompanionPushRelay.swift */; };
		1A556B04F4AF1079A490DEB4 /* AIExplanationResponse.swift in Sources */ = {isa = PBXBuildFile; fileRef = 091673D315DA4A4924BDA690 /* AIExplanationResponse.swift */; };
		21A03A55C59A361C466D69C7 /* ConversationView.swift in Sources */ = {isa = PBXBuildFile; fileRef = 038BB05B06C452EA8E9E250E /* ConversationView.swift */; };
		2B392F6652979F8735B9CA72 /* Chat.swift in Sources */ = {isa = PBXBuildFile; fileRef = 81C7BCF6EEC50322784AE2B8 /* Chat.swift */; };
		2DCB14AABFA840F8A71FEDC8 /* CompanionMessageSubstance.swift in Sources */ = {isa = PBXBuildFile; fileRef = FC59C6C144A6C72C49F05E3A /* CompanionMessageSubstance.swift */; };
		31EDD35245593806E3998191 /* CompanionHEVCFraming.swift in Sources */ = {isa = PBXBuildFile; fileRef = 1B7CC474C9B1221597936642 /* CompanionHEVCFraming.swift */; };
		33040F306643585FD84DCCEF /* HomeView.swift in Sources */ = {isa = PBXBuildFile; fileRef = 33DB8617EEAFD94D50058966 /* HomeView.swift */; };
		35FB02E982E5C9A43D85DA9F /* NSDictionaryCodableBox.swift in Sources */ = {isa = PBXBuildFile; fileRef = 714F2D4D965B8D9E2D5AEAD6 /* NSDictionaryCodableBox.swift */; };
		3A95D25ADDC661D9923EADDE /* CompanionNoise in Frameworks */ = {isa = PBXBuildFile; productRef = 7FC311C6E2532D483E39C045 /* CompanionNoise */; };
		3B95D64F16B080C81ED5D748 /* MentionParser.swift in Sources */ = {isa = PBXBuildFile; fileRef = E09816DB07BC9DA15CE4B04A /* MentionParser.swift */; };
		40C500EADB19004A36D889D9 /* NotificationService.swift in Sources */ = {isa = PBXBuildFile; fileRef = 6852209B44ED0F1A576A5543 /* NotificationService.swift */; };
		44AED37B9226D47690CAB531 /* iTerm2CompanionApp.swift in Sources */ = {isa = PBXBuildFile; fileRef = D1476BCCE87ED0231CC11A49 /* iTerm2CompanionApp.swift */; };
		44E9EA2F0DB0C21F63E99F71 /* MailComposeView.swift in Sources */ = {isa = PBXBuildFile; fileRef = 1CF14EA0ADD9A94C021D8139 /* MailComposeView.swift */; };
		46EDB9EE0359F240616C8C9C /* CreateView.swift in Sources */ = {isa = PBXBuildFile; fileRef = 83369AF63D7481BB550E7DB5 /* CreateView.swift */; };
		4BCD518C44F419D977D89CB8 /* WorkgroupWatcher.swift in Sources */ = {isa = PBXBuildFile; fileRef = 3CAAB779C41C2A5E416E13AE /* WorkgroupWatcher.swift */; };
		4CFF08D6EEAA41A6D8447083 /* MentionPlainTextRenderer.swift in Sources */ = {isa = PBXBuildFile; fileRef = AAA59756FD9F3C556800C0DF /* MentionPlainTextRenderer.swift */; };
		4EF2062263354D5BC3197A00 /* CompanionTransport in Frameworks */ = {isa = PBXBuildFile; productRef = 09EFBAB366E18E5E24DDEAE2 /* CompanionTransport */; };
		4F4999D717B76ECA59DF7ABF /* CompanionTransport in Frameworks */ = {isa = PBXBuildFile; productRef = 9E3E0386540E2AF4A3A51B54 /* CompanionTransport */; };
		4F4F4BBBE880921EC33C0802 /* MacTypeShadows.swift in Sources */ = {isa = PBXBuildFile; fileRef = 8CD93A7418340355A8A2F7FB /* MacTypeShadows.swift */; };
		52229EC6987B853AFC2B28C4 /* PrivacyInfo.xcprivacy in Resources */ = {isa = PBXBuildFile; fileRef = 3010D0F84E7FA84C0FF835FB /* PrivacyInfo.xcprivacy */; };
		52DD60EA3A0302BBBDFDED5B /* Result+iTerm.swift in Sources */ = {isa = PBXBuildFile; fileRef = BF3228AB7F726F44B6059992 /* Result+iTerm.swift */; };
		541EABDD2BD0A4F792AC0CF5 /* TerminalCommand.swift in Sources */ = {isa = PBXBuildFile; fileRef = 4C995F36CC4FC3887CD9A88B /* TerminalCommand.swift */; };
		56EB95C1E5E62552CBBA1499 /* WhisperKit in Frameworks */ = {isa = PBXBuildFile; productRef = 6F687B630814556B6C270503 /* WhisperKit */; };
		5AE60854B5EA3705961EE4C7 /* CompanionClient.swift in Sources */ = {isa = PBXBuildFile; fileRef = 6D658E115AC2C59A992B1490 /* CompanionClient.swift */; };
		5CAC7041904B57E546C806FF /* ActivityView.swift in Sources */ = {isa = PBXBuildFile; fileRef = 8F8E2343479191D02A69F49A /* ActivityView.swift */; };
		63C73D8F74145D6BE16F82C3 /* PrivacyInfo.xcprivacy in Resources */ = {isa = PBXBuildFile; fileRef = 26F9072DC38354CC6C1FDA4C /* PrivacyInfo.xcprivacy */; };
		65CE20D8D846115CDE1C0BAB /* SessionKeyboardAccessory.swift in Sources */ = {isa = PBXBuildFile; fileRef = 600CF796CD5D64CCB378ECEE /* SessionKeyboardAccessory.swift */; };
		65FEF92FB905D14B0718BFD5 /* CompanionMediaFrame.swift in Sources */ = {isa = PBXBuildFile; fileRef = A75E34B1E8BCC754E96461F0 /* CompanionMediaFrame.swift */; };
		6A5B543F731EEFF65EC4DCA8 /* SessionView.swift in Sources */ = {isa = PBXBuildFile; fileRef = 27DF9D08DBE0E26617B6EAC4 /* SessionView.swift */; };
		6C9735DEFC6DBEA970DDD566 /* Assets.xcassets in Resources */ = {isa = PBXBuildFile; fileRef = F378B5128AD79BC724198A2C /* Assets.xcassets */; };
		6DB9B62F359C487450A48253 /* PairingView.swift in Sources */ = {isa = PBXBuildFile; fileRef = D9C6F058C835226E4D25EC92 /* PairingView.swift */; };
		723C4D6C3FA637F72B5E0BC4 /* QRScannerView.swift in Sources */ = {isa = PBXBuildFile; fileRef = 521D4C811CB1FE096B317D1A /* QRScannerView.swift */; };
		72F3E6B6A7EFAF936C884914 /* DictationController.swift in Sources */ = {isa = PBXBuildFile; fileRef = 08B31B076D913EB6481D62BE /* DictationController.swift */; };
		750568A28E6F15ADCDBEE696 /* SessionWatchState.swift in Sources */ = {isa = PBXBuildFile; fileRef = 01EC056217DFA37255E5493A /* SessionWatchState.swift */; };
		7AFE2BC4260E901B6CE32B18 /* WorkgroupView.swift in Sources */ = {isa = PBXBuildFile; fileRef = BED5347C086E4620D0EF216A /* WorkgroupView.swift */; };
		7F5E2E0D8F39D5AA31DD5DF7 /* PushService.appex in Embed Foundation Extensions */ = {isa = PBXBuildFile; fileRef = E163F20CC4B54B9AF101D39B /* PushService.appex */; settings = {ATTRIBUTES = (RemoveHeadersOnCopy, ); }; };
		8207F597DEE031F2EFAE914B /* LLM.swift in Sources */ = {isa = PBXBuildFile; fileRef = C8A01BA57C1E190121F04B23 /* LLM.swift */; };
		8253D22B7BABBD8CBAB58152 /* CompanionProtocol in Frameworks */ = {isa = PBXBuildFile; productRef = C174730506C2EE45206C9025 /* CompanionProtocol */; };
		82DC6595EA8338EF54900FBF /* NSEFetcher.swift in Sources */ = {isa = PBXBuildFile; fileRef = DCB0608B6CB31C0EC9303590 /* NSEFetcher.swift */; };
		84EB8FDE3F4BE46AC56FD2A2 /* PrimaryButtonLabel.swift in Sources */ = {isa = PBXBuildFile; fileRef = 5B97CEA63E215D7B71954B78 /* PrimaryButtonLabel.swift */; };
		86C41BD0345935BF457E8573 /* AIExplanationRequest.swift in Sources */ = {isa = PBXBuildFile; fileRef = 295F6B5A667883C31FD79B36 /* AIExplanationRequest.swift */; };
		8919710569902A61EC99703A /* iTermAIError.swift in Sources */ = {isa = PBXBuildFile; fileRef = 28FF4786DF1906B800BA1E45 /* iTermAIError.swift */; };
		9140B44D95F1A5AE9B7E5A58 /* CompanionFileLog.swift in Sources */ = {isa = PBXBuildFile; fileRef = 1EEC875039B2D49472257B9C /* CompanionFileLog.swift */; };
		9C595A22C1BE7928B46F3FB8 /* MessageBubbleView.swift in Sources */ = {isa = PBXBuildFile; fileRef = 9CE9874EA1D4C706C2902F41 /* MessageBubbleView.swift */; };
		9C9449E204038CD1CCEACCD9 /* MentionComposerView.swift in Sources */ = {isa = PBXBuildFile; fileRef = 7050F059A6CF8AF041606895 /* MentionComposerView.swift */; };
		A07E788CA152E17513A0AF89 /* MacShims.swift in Sources */ = {isa = PBXBuildFile; fileRef = C5A30D278955DD84612C0420 /* MacShims.swift */; };
		A366B7E9D8DC8E3ACFE888B2 /* AppModelWatchTests.swift in Sources */ = {isa = PBXBuildFile; fileRef = 11C81AA6D435B93A174607CC /* AppModelWatchTests.swift */; };
		A4515E64521218E56B102468 /* AgentComposerBar.swift in Sources */ = {isa = PBXBuildFile; fileRef = 404800FB93647C58E82D4E77 /* AgentComposerBar.swift */; };
		AC39B2EE816F0E495DA7AC6C /* SessionWatchStateTests.swift in Sources */ = {isa = PBXBuildFile; fileRef = 1EA16B0A05A6D9259E8E03E6 /* SessionWatchStateTests.swift */; };
		AFD9CB187D00FA257E51C02F /* AppModelSessionTreePushTests.swift in Sources */ = {isa = PBXBuildFile; fileRef = 0C2243748006AB82AC384800 /* AppModelSessionTreePushTests.swift */; };
		B02C48D11645D41E7EF75366 /* CompanionHistoryWindow.swift in Sources */ = {isa = PBXBuildFile; fileRef = 19B6C7F9E40A8B8EFEB092F1 /* CompanionHistoryWindow.swift */; };
		B0FD40DA1F289CE802D65A28 /* CompanionProtocol in Frameworks */ = {isa = PBXBuildFile; productRef = 3A703814C66872907D9A3870 /* CompanionProtocol */; };
		B260FE6C21F8D00FAE2778B5 /* CompanionFrameChannel.swift in Sources */ = {isa = PBXBuildFile; fileRef = 899CA3FFF163692F10F48ADE /* CompanionFrameChannel.swift */; };
		BDDE13652CCE1B9DC62E6FC3 /* AppModel.swift in Sources */ = {isa = PBXBuildFile; fileRef = BB92933500526E16C1EBE386 /* AppModel.swift */; };
		BDE4A559D8FA682B4509AB4D /* PhoneIdentity.swift in Sources */ = {isa = PBXBuildFile; fileRef = 8F8133D64197578AF945E141 /* PhoneIdentity.swift */; };
		BFA1A3C139E248E15E74979C /* SettingsView.swift in Sources */ = {isa = PBXBuildFile; fileRef = 00D01BE8AC4F6F0CBD04226A /* SettingsView.swift */; };
		C69D299E601EDC281977C553 /* AIUnavailablePanel.swift in Sources */ = {isa = PBXBuildFile; fileRef = 15DD1BB4C88E532DDA379926 /* AIUnavailablePanel.swift */; };
		CC7D450E949E10E96F31EF68 /* CompanionSession.swift in Sources */ = {isa = PBXBuildFile; fileRef = A0FF45AFD27A3CC2A4AE73D6 /* CompanionSession.swift */; };
		CF2B283799C371C0E375373A /* Foundation.framework in Frameworks */ = {isa = PBXBuildFile; fileRef = 3CEE85E71BE4DBE4037372BC /* Foundation.framework */; };
		D5788A8F69E49DC5D51DD4DA /* CompanionKeyboardInputView.swift in Sources */ = {isa = PBXBuildFile; fileRef = E1FA63F50E0B4EE7EC971BA7 /* CompanionKeyboardInputView.swift */; };
		D70DDE862BC5B02CBA265834 /* CompanionVideoView.swift in Sources */ = {isa = PBXBuildFile; fileRef = 3A8EEDD012ED5A568F37795D /* CompanionVideoView.swift */; };
		D97DD15A1421B715DBF09AD2 /* SessionTreeList.swift in Sources */ = {isa = PBXBuildFile; fileRef = 665B61149D1A64E0B259EE96 /* SessionTreeList.swift */; };
		DC5017B92348885E192CEE9E /* AppIcon.icon in Resources */ = {isa = PBXBuildFile; fileRef = ED4ACF23B00C5F96B034D313 /* AppIcon.icon */; };
		DF6B79C18E738A49298654BC /* AppModelAIAvailabilityTests.swift in Sources */ = {isa = PBXBuildFile; fileRef = 12D9CD088254B3E3460465D3 /* AppModelAIAvailabilityTests.swift */; };
		E13003B46BAE284AB3F5B47E /* SessionBrowserView.swift in Sources */ = {isa = PBXBuildFile; fileRef = B2450610BA92BD658105095B /* SessionBrowserView.swift */; };
		E564E76900C589809F175EF6 /* Foundation.framework in Frameworks */ = {isa = PBXBuildFile; fileRef = 3CEE85E71BE4DBE4037372BC /* Foundation.framework */; };
		E7789F9AE0C41E03B8EC2004 /* ScanningView.swift in Sources */ = {isa = PBXBuildFile; fileRef = 334CC2C472EA2D2AC351C8ED /* ScanningView.swift */; };
		E911D9AB16D97BC77EB5023A /* AIReasoningTypes.swift in Sources */ = {isa = PBXBuildFile; fileRef = 9E4505B27C380EE1958F6F0F /* AIReasoningTypes.swift */; };
		E9B4EB2FFB8F2581BB234225 /* LaunchView.swift in Sources */ = {isa = PBXBuildFile; fileRef = BE9F2AC3CB4A8F0E5271631C /* LaunchView.swift */; };
		ED02C0975DCD6DCFDAF9814E /* UpgradeRequiredView.swift in Sources */ = {isa = PBXBuildFile; fileRef = 0EC068ACF8048E6D51525946 /* UpgradeRequiredView.swift */; };
		F3FAD087DB3AAA8A7AE69A5D /* Foundation.framework in Frameworks */ = {isa = PBXBuildFile; fileRef = 3CEE85E71BE4DBE4037372BC /* Foundation.framework */; };
		F66C77F374D8DE6483406F2D /* CompanionNoise in Frameworks */ = {isa = PBXBuildFile; productRef = 34D43661899D68A2050B57E4 /* CompanionNoise */; };
		F6F3756EF8D1F16ED2F650DC /* StableSessionID.swift in Sources */ = {isa = PBXBuildFile; fileRef = A9BFBFD97ACB00EB331ECBB5 /* StableSessionID.swift */; };
		FA79DF47840B7878F030EDFE /* VoiceCaptureController.swift in Sources */ = {isa = PBXBuildFile; fileRef = F9AC0F514502C14B2FE87DD5 /* VoiceCaptureController.swift */; };
		FA946A938785A2193F1A5E56 /* CompanionMessages.swift in Sources */ = {isa = PBXBuildFile; fileRef = 876437508FFE5183174B8C10 /* CompanionMessages.swift */; };
		FAD404A0FFAF84488B7DC6F0 /* Message.swift in Sources */ = {isa = PBXBuildFile; fileRef = 6135D2EF62BAC3E23462555C /* Message.swift */; };
		FBF21EC98448C3A48E1F0B8D /* JSONValue.swift in Sources */ = {isa = PBXBuildFile; fileRef = C9E089F7ED30565521774EE0 /* JSONValue.swift */; };
/* End PBXBuildFile section */

/* Begin PBXContainerItemProxy section */
		14E4195201E2D4F5EA9802F4 /* PBXContainerItemProxy */ = {
			isa = PBXContainerItemProxy;
			containerPortal = 881A5BF576469F7F1E4C3722 /* Project object */;
			proxyType = 1;
			remoteGlobalIDString = 3117DA63CDB0755B80A7FDA2;
			remoteInfo = iTerm2Companion;
		};
		A1AD75FFE7EC587596F31A00 /* PBXContainerItemProxy */ = {
			isa = PBXContainerItemProxy;
			containerPortal = 881A5BF576469F7F1E4C3722 /* Project object */;
			proxyType = 1;
			remoteGlobalIDString = C76FF555248E136818AFD68C;
			remoteInfo = PushService;
		};
/* End PBXContainerItemProxy section */

/* Begin PBXCopyFilesBuildPhase section */
		97D83102E477F25B9BEC7CE3 /* Embed Foundation Extensions */ = {
			isa = PBXCopyFilesBuildPhase;
			buildActionMask = 2147483647;
			dstPath = "";
			dstSubfolderSpec = 13;
			files = (
				7F5E2E0D8F39D5AA31DD5DF7 /* PushService.appex in Embed Foundation Extensions */,
			);
			name = "Embed Foundation Extensions";
			runOnlyForDeploymentPostprocessing = 0;
		};
/* End PBXCopyFilesBuildPhase section */

/* Begin PBXFileReference section */
		00D01BE8AC4F6F0CBD04226A /* SettingsView.swift */ = {isa = PBXFileReference; includeInIndex = 1; lastKnownFileType = sourcecode.swift; path = SettingsView.swift; sourceTree = "<group>"; };
		01EC056217DFA37255E5493A /* SessionWatchState.swift */ = {isa = PBXFileReference; includeInIndex = 1; lastKnownFileType = sourcecode.swift; path = SessionWatchState.swift; sourceTree = "<group>"; };
		038BB05B06C452EA8E9E250E /* ConversationView.swift */ = {isa = PBXFileReference; includeInIndex = 1; lastKnownFileType = sourcecode.swift; path = ConversationView.swift; sourceTree = "<group>"; };
		08B31B076D913EB6481D62BE /* DictationController.swift */ = {isa = PBXFileReference; includeInIndex = 1; lastKnownFileType = sourcecode.swift; path = DictationController.swift; sourceTree = "<group>"; };
		091673D315DA4A4924BDA690 /* AIExplanationResponse.swift */ = {isa = PBXFileReference; includeInIndex = 1; lastKnownFileType = sourcecode.swift; name = AIExplanationResponse.swift; path = sources/AITerm/AIExplanationResponse.swift; sourceTree = "<group>"; };
		0C2243748006AB82AC384800 /* AppModelSessionTreePushTests.swift */ = {isa = PBXFileReference; includeInIndex = 1; lastKnownFileType = sourcecode.swift; path = AppModelSessionTreePushTests.swift; sourceTree = "<group>"; };
		0EC068ACF8048E6D51525946 /* UpgradeRequiredView.swift */ = {isa = PBXFileReference; includeInIndex = 1; lastKnownFileType = sourcecode.swift; path = UpgradeRequiredView.swift; sourceTree = "<group>"; };
		11C81AA6D435B93A174607CC /* AppModelWatchTests.swift */ = {isa = PBXFileReference; includeInIndex = 1; lastKnownFileType = sourcecode.swift; path = AppModelWatchTests.swift; sourceTree = "<group>"; };
		12D9CD088254B3E3460465D3 /* AppModelAIAvailabilityTests.swift */ = {isa = PBXFileReference; includeInIndex = 1; lastKnownFileType = sourcecode.swift; path = AppModelAIAvailabilityTests.swift; sourceTree = "<group>"; };
		15DD1BB4C88E532DDA379926 /* AIUnavailablePanel.swift */ = {isa = PBXFileReference; includeInIndex = 1; lastKnownFileType = sourcecode.swift; path = AIUnavailablePanel.swift; sourceTree = "<group>"; };
		19B6C7F9E40A8B8EFEB092F1 /* CompanionHistoryWindow.swift */ = {isa = PBXFileReference; includeInIndex = 1; lastKnownFileType = sourcecode.swift; name = CompanionHistoryWindow.swift; path = sources/Companion/Shared/CompanionHistoryWindow.swift; sourceTree = "<group>"; };
		1B7CC474C9B1221597936642 /* CompanionHEVCFraming.swift */ = {isa = PBXFileReference; includeInIndex = 1; lastKnownFileType = sourcecode.swift; name = CompanionHEVCFraming.swift; path = sources/Companion/Shared/CompanionHEVCFraming.swift; sourceTree = "<group>"; };
		1CF14EA0ADD9A94C021D8139 /* MailComposeView.swift */ = {isa = PBXFileReference; includeInIndex = 1; lastKnownFileType = sourcecode.swift; path = MailComposeView.swift; sourceTree = "<group>"; };
		1EA16B0A05A6D9259E8E03E6 /* SessionWatchStateTests.swift */ = {isa = PBXFileReference; includeInIndex = 1; lastKnownFileType = sourcecode.swift; path = SessionWatchStateTests.swift; sourceTree = "<group>"; };
		1EEC875039B2D49472257B9C /* CompanionFileLog.swift */ = {isa = PBXFileReference; includeInIndex = 1; lastKnownFileType = sourcecode.swift; path = CompanionFileLog.swift; sourceTree = "<group>"; };
		26F9072DC38354CC6C1FDA4C /* PrivacyInfo.xcprivacy */ = {isa = PBXFileReference; includeInIndex = 1; name = PrivacyInfo.xcprivacy; path = Resources/PrivacyInfo.xcprivacy; sourceTree = "<group>"; };
		27DF9D08DBE0E26617B6EAC4 /* SessionView.swift */ = {isa = PBXFileReference; includeInIndex = 1; lastKnownFileType = sourcecode.swift; path = SessionView.swift; sourceTree = "<group>"; };
		28FF4786DF1906B800BA1E45 /* iTermAIError.swift */ = {isa = PBXFileReference; includeInIndex = 1; lastKnownFileType = sourcecode.swift; name = iTermAIError.swift; path = sources/AITerm/iTermAIError.swift; sourceTree = "<group>"; };
		295F6B5A667883C31FD79B36 /* AIExplanationRequest.swift */ = {isa = PBXFileReference; includeInIndex = 1; lastKnownFileType = sourcecode.swift; name = AIExplanationRequest.swift; path = sources/AITerm/AIExplanationRequest.swift; sourceTree = "<group>"; };
		3010D0F84E7FA84C0FF835FB /* PrivacyInfo.xcprivacy */ = {isa = PBXFileReference; includeInIndex = 1; path = PrivacyInfo.xcprivacy; sourceTree = "<group>"; };
		334CC2C472EA2D2AC351C8ED /* ScanningView.swift */ = {isa = PBXFileReference; includeInIndex = 1; lastKnownFileType = sourcecode.swift; path = ScanningView.swift; sourceTree = "<group>"; };
		33DB8617EEAFD94D50058966 /* HomeView.swift */ = {isa = PBXFileReference; includeInIndex = 1; lastKnownFileType = sourcecode.swift; path = HomeView.swift; sourceTree = "<group>"; };
		3A8EEDD012ED5A568F37795D /* CompanionVideoView.swift */ = {isa = PBXFileReference; includeInIndex = 1; lastKnownFileType = sourcecode.swift; path = CompanionVideoView.swift; sourceTree = "<group>"; };
		3CAAB779C41C2A5E416E13AE /* WorkgroupWatcher.swift */ = {isa = PBXFileReference; includeInIndex = 1; lastKnownFileType = sourcecode.swift; name = WorkgroupWatcher.swift; path = sources/ClaudeCode/Orchestration/WorkgroupWatcher.swift; sourceTree = "<group>"; };
		3CEE85E71BE4DBE4037372BC /* Foundation.framework */ = {isa = PBXFileReference; lastKnownFileType = wrapper.framework; name = Foundation.framework; path = Platforms/iPhoneOS.platform/Developer/SDKs/iPhoneOS26.0.sdk/System/Library/Frameworks/Foundation.framework; sourceTree = DEVELOPER_DIR; };
		404800FB93647C58E82D4E77 /* AgentComposerBar.swift */ = {isa = PBXFileReference; includeInIndex = 1; lastKnownFileType = sourcecode.swift; path = AgentComposerBar.swift; sourceTree = "<group>"; };
		4C995F36CC4FC3887CD9A88B /* TerminalCommand.swift */ = {isa = PBXFileReference; includeInIndex = 1; lastKnownFileType = sourcecode.swift; name = TerminalCommand.swift; path = sources/AITerm/TerminalCommand.swift; sourceTree = "<group>"; };
		521D4C811CB1FE096B317D1A /* QRScannerView.swift */ = {isa = PBXFileReference; includeInIndex = 1; lastKnownFileType = sourcecode.swift; path = QRScannerView.swift; sourceTree = "<group>"; };
		5B97CEA63E215D7B71954B78 /* PrimaryButtonLabel.swift */ = {isa = PBXFileReference; includeInIndex = 1; lastKnownFileType = sourcecode.swift; path = PrimaryButtonLabel.swift; sourceTree = "<group>"; };
		600CF796CD5D64CCB378ECEE /* SessionKeyboardAccessory.swift */ = {isa = PBXFileReference; includeInIndex = 1; lastKnownFileType = sourcecode.swift; path = SessionKeyboardAccessory.swift; sourceTree = "<group>"; };
		6135D2EF62BAC3E23462555C /* Message.swift */ = {isa = PBXFileReference; includeInIndex = 1; lastKnownFileType = sourcecode.swift; name = Message.swift; path = sources/AITerm/Message.swift; sourceTree = "<group>"; };
		665B61149D1A64E0B259EE96 /* SessionTreeList.swift */ = {isa = PBXFileReference; includeInIndex = 1; lastKnownFileType = sourcecode.swift; path = SessionTreeList.swift; sourceTree = "<group>"; };
		6852209B44ED0F1A576A5543 /* NotificationService.swift */ = {isa = PBXFileReference; includeInIndex = 1; lastKnownFileType = sourcecode.swift; path = NotificationService.swift; sourceTree = "<group>"; };
		6D658E115AC2C59A992B1490 /* CompanionClient.swift */ = {isa = PBXFileReference; includeInIndex = 1; lastKnownFileType = sourcecode.swift; path = CompanionClient.swift; sourceTree = "<group>"; };
		7050F059A6CF8AF041606895 /* MentionComposerView.swift */ = {isa = PBXFileReference; includeInIndex = 1; lastKnownFileType = sourcecode.swift; path = MentionComposerView.swift; sourceTree = "<group>"; };
		714F2D4D965B8D9E2D5AEAD6 /* NSDictionaryCodableBox.swift */ = {isa = PBXFileReference; includeInIndex = 1; lastKnownFileType = sourcecode.swift; name = NSDictionaryCodableBox.swift; path = sources/Categories/NSDictionaryCodableBox.swift; sourceTree = "<group>"; };
		81C7BCF6EEC50322784AE2B8 /* Chat.swift */ = {isa = PBXFileReference; includeInIndex = 1; lastKnownFileType = sourcecode.swift; name = Chat.swift; path = sources/AITerm/Chat.swift; sourceTree = "<group>"; };
		83369AF63D7481BB550E7DB5 /* CreateView.swift */ = {isa = PBXFileReference; includeInIndex = 1; lastKnownFileType = sourcecode.swift; path = CreateView.swift; sourceTree = "<group>"; };
		876437508FFE5183174B8C10 /* CompanionMessages.swift */ = {isa = PBXFileReference; includeInIndex = 1; lastKnownFileType = sourcecode.swift; name = CompanionMessages.swift; path = sources/Companion/Shared/CompanionMessages.swift; sourceTree = "<group>"; };
		899CA3FFF163692F10F48ADE /* CompanionFrameChannel.swift */ = {isa = PBXFileReference; includeInIndex = 1; lastKnownFileType = sourcecode.swift; name = CompanionFrameChannel.swift; path = sources/Companion/Shared/CompanionFrameChannel.swift; sourceTree = "<group>"; };
		8CD93A7418340355A8A2F7FB /* MacTypeShadows.swift */ = {isa = PBXFileReference; includeInIndex = 1; lastKnownFileType = sourcecode.swift; path = MacTypeShadows.swift; sourceTree = "<group>"; };
		8F8133D64197578AF945E141 /* PhoneIdentity.swift */ = {isa = PBXFileReference; includeInIndex = 1; lastKnownFileType = sourcecode.swift; path = PhoneIdentity.swift; sourceTree = "<group>"; };
		8F8E2343479191D02A69F49A /* ActivityView.swift */ = {isa = PBXFileReference; includeInIndex = 1; lastKnownFileType = sourcecode.swift; path = ActivityView.swift; sourceTree = "<group>"; };
		94DAA53D9437C8F95D460A42 /* PushService-Bridging-Header.h */ = {isa = PBXFileReference; includeInIndex = 1; lastKnownFileType = sourcecode.c.h; path = "PushService-Bridging-Header.h"; sourceTree = "<group>"; };
		9780D1B445C61A49942488D0 /* WhisperModelManager.swift */ = {isa = PBXFileReference; includeInIndex = 1; lastKnownFileType = sourcecode.swift; path = WhisperModelManager.swift; sourceTree = "<group>"; };
		9CE9874EA1D4C706C2902F41 /* MessageBubbleView.swift */ = {isa = PBXFileReference; includeInIndex = 1; lastKnownFileType = sourcecode.swift; path = MessageBubbleView.swift; sourceTree = "<group>"; };
		9E4505B27C380EE1958F6F0F /* AIReasoningTypes.swift */ = {isa = PBXFileReference; includeInIndex = 1; lastKnownFileType = sourcecode.swift; name = AIReasoningTypes.swift; path = sources/AITerm/AIReasoningTypes.swift; sourceTree = "<group>"; };
		A0FF45AFD27A3CC2A4AE73D6 /* CompanionSession.swift */ = {isa = PBXFileReference; includeInIndex = 1; lastKnownFileType = sourcecode.swift; name = CompanionSession.swift; path = sources/Companion/Shared/CompanionSession.swift; sourceTree = "<group>"; };
		A75E34B1E8BCC754E96461F0 /* CompanionMediaFrame.swift */ = {isa = PBXFileReference; includeInIndex = 1; lastKnownFileType = sourcecode.swift; name = CompanionMediaFrame.swift; path = sources/Companion/Shared/CompanionMediaFrame.swift; sourceTree = "<group>"; };
		A9BFBFD97ACB00EB331ECBB5 /* StableSessionID.swift */ = {isa = PBXFileReference; includeInIndex = 1; lastKnownFileType = sourcecode.swift; name = StableSessionID.swift; path = sources/ClaudeCode/Orchestration/StableSessionID.swift; sourceTree = "<group>"; };
		AAA59756FD9F3C556800C0DF /* MentionPlainTextRenderer.swift */ = {isa = PBXFileReference; includeInIndex = 1; lastKnownFileType = sourcecode.swift; name = MentionPlainTextRenderer.swift; path = sources/Companion/MentionPlainTextRenderer.swift; sourceTree = "<group>"; };
		ABD3659BBD11AF3ACCAEE8FE /* RemoteCommand.swift */ = {isa = PBXFileReference; includeInIndex = 1; lastKnownFileType = sourcecode.swift; name = RemoteCommand.swift; path = sources/AITerm/RemoteCommand.swift; sourceTree = "<group>"; };
		B2450610BA92BD658105095B /* SessionBrowserView.swift */ = {isa = PBXFileReference; includeInIndex = 1; lastKnownFileType = sourcecode.swift; path = SessionBrowserView.swift; sourceTree = "<group>"; };
		BB92933500526E16C1EBE386 /* AppModel.swift */ = {isa = PBXFileReference; includeInIndex = 1; lastKnownFileType = sourcecode.swift; path = AppModel.swift; sourceTree = "<group>"; };
		BCEEB0D173830E80B65F07EA /* iTerm2Companion.app */ = {isa = PBXFileReference; explicitFileType = wrapper.application; includeInIndex = 0; path = iTerm2Companion.app; sourceTree = BUILT_PRODUCTS_DIR; };
		BE9F2AC3CB4A8F0E5271631C /* LaunchView.swift */ = {isa = PBXFileReference; includeInIndex = 1; lastKnownFileType = sourcecode.swift; path = LaunchView.swift; sourceTree = "<group>"; };
		BED5347C086E4620D0EF216A /* WorkgroupView.swift */ = {isa = PBXFileReference; includeInIndex = 1; lastKnownFileType = sourcecode.swift; path = WorkgroupView.swift; sourceTree = "<group>"; };
		BF3228AB7F726F44B6059992 /* Result+iTerm.swift */ = {isa = PBXFileReference; includeInIndex = 1; lastKnownFileType = sourcecode.swift; name = "Result+iTerm.swift"; path = "sources/Categories/Result+iTerm.swift"; sourceTree = "<group>"; };
		C5A30D278955DD84612C0420 /* MacShims.swift */ = {isa = PBXFileReference; includeInIndex = 1; lastKnownFileType = sourcecode.swift; path = MacShims.swift; sourceTree = "<group>"; };
		C8A01BA57C1E190121F04B23 /* LLM.swift */ = {isa = PBXFileReference; includeInIndex = 1; lastKnownFileType = sourcecode.swift; name = LLM.swift; path = sources/AITerm/LLM.swift; sourceTree = "<group>"; };
		C96CCC8C92D8ECA015AECC3E /* iTerm2CompanionTests.xctest */ = {isa = PBXFileReference; explicitFileType = wrapper.cfbundle; includeInIndex = 0; path = iTerm2CompanionTests.xctest; sourceTree = BUILT_PRODUCTS_DIR; };
		C9E089F7ED30565521774EE0 /* JSONValue.swift */ = {isa = PBXFileReference; includeInIndex = 1; lastKnownFileType = sourcecode.swift; path = JSONValue.swift; sourceTree = "<group>"; };
		D1476BCCE87ED0231CC11A49 /* iTerm2CompanionApp.swift */ = {isa = PBXFileReference; includeInIndex = 1; lastKnownFileType = sourcecode.swift; path = iTerm2CompanionApp.swift; sourceTree = "<group>"; };
		D1FB0585F62C28BF79661E76 /* CompanionHEVCSampleBuilder.swift */ = {isa = PBXFileReference; includeInIndex = 1; lastKnownFileType = sourcecode.swift; name = CompanionHEVCSampleBuilder.swift; path = sources/Companion/Shared/CompanionHEVCSampleBuilder.swift; sourceTree = "<group>"; };
		D216C7E3DB5034EE248DE82A /* CompanionTouchMapper.swift */ = {isa = PBXFileReference; includeInIndex = 1; lastKnownFileType = sourcecode.swift; name = CompanionTouchMapper.swift; path = sources/Companion/Shared/CompanionTouchMapper.swift; sourceTree = "<group>"; };
		D80472616F40B375A553B4E8 /* CompanionPushRelay.swift */ = {isa = PBXFileReference; includeInIndex = 1; lastKnownFileType = sourcecode.swift; name = CompanionPushRelay.swift; path = sources/Companion/Shared/CompanionPushRelay.swift; sourceTree = "<group>"; };
		D9C6F058C835226E4D25EC92 /* PairingView.swift */ = {isa = PBXFileReference; includeInIndex = 1; lastKnownFileType = sourcecode.swift; path = PairingView.swift; sourceTree = "<group>"; };
		DCB0608B6CB31C0EC9303590 /* NSEFetcher.swift */ = {isa = PBXFileReference; includeInIndex = 1; lastKnownFileType = sourcecode.swift; path = NSEFetcher.swift; sourceTree = "<group>"; };
		E09816DB07BC9DA15CE4B04A /* MentionParser.swift */ = {isa = PBXFileReference; includeInIndex = 1; lastKnownFileType = sourcecode.swift; name = MentionParser.swift; path = sources/ClaudeCode/Orchestration/MentionParser.swift; sourceTree = "<group>"; };
		E163F20CC4B54B9AF101D39B /* PushService.appex */ = {isa = PBXFileReference; explicitFileType = "wrapper.app-extension"; includeInIndex = 0; path = PushService.appex; sourceTree = BUILT_PRODUCTS_DIR; };
		E1FA63F50E0B4EE7EC971BA7 /* CompanionKeyboardInputView.swift */ = {isa = PBXFileReference; includeInIndex = 1; lastKnownFileType = sourcecode.swift; path = CompanionKeyboardInputView.swift; sourceTree = "<group>"; };
		ED4ACF23B00C5F96B034D313 /* AppIcon.icon */ = {isa = PBXFileReference; includeInIndex = 1; name = AppIcon.icon; path = Resources/AppIcon.icon; sourceTree = "<group>"; };
		F2261B61AE729860B406CFF0 /* Data+BigEndian.swift */ = {isa = PBXFileReference; includeInIndex = 1; lastKnownFileType = sourcecode.swift; name = "Data+BigEndian.swift"; path = "sources/Categories/Data+BigEndian.swift"; sourceTree = "<group>"; };
		F378B5128AD79BC724198A2C /* Assets.xcassets */ = {isa = PBXFileReference; includeInIndex = 1; lastKnownFileType = folder.assetcatalog; name = Assets.xcassets; path = Resources/Assets.xcassets; sourceTree = "<group>"; };
		F9AC0F514502C14B2FE87DD5 /* VoiceCaptureController.swift */ = {isa = PBXFileReference; includeInIndex = 1; lastKnownFileType = sourcecode.swift; path = VoiceCaptureController.swift; sourceTree = "<group>"; };
		FC59C6C144A6C72C49F05E3A /* CompanionMessageSubstance.swift */ = {isa = PBXFileReference; includeInIndex = 1; lastKnownFileType = sourcecode.swift; name = CompanionMessageSubstance.swift; path = sources/Companion/CompanionMessageSubstance.swift; sourceTree = "<group>"; };
/* End PBXFileReference section */

/* Begin PBXFrameworksBuildPhase section */
		6BB29EB77D786784552B4E8B /* Frameworks */ = {
			isa = PBXFrameworksBuildPhase;
			buildActionMask = 2147483647;
			files = (
				E564E76900C589809F175EF6 /* Foundation.framework in Frameworks */,
				8253D22B7BABBD8CBAB58152 /* CompanionProtocol in Frameworks */,
				3A95D25ADDC661D9923EADDE /* CompanionNoise in Frameworks */,
				4EF2062263354D5BC3197A00 /* CompanionTransport in Frameworks */,
			);
			runOnlyForDeploymentPostprocessing = 0;
		};
		93D2EBF118E1C08A6ED7B2DB /* Frameworks */ = {
			isa = PBXFrameworksBuildPhase;
			buildActionMask = 2147483647;
			files = (
				F3FAD087DB3AAA8A7AE69A5D /* Foundation.framework in Frameworks */,
				B0FD40DA1F289CE802D65A28 /* CompanionProtocol in Frameworks */,
				F66C77F374D8DE6483406F2D /* CompanionNoise in Frameworks */,
				4F4999D717B76ECA59DF7ABF /* CompanionTransport in Frameworks */,
				56EB95C1E5E62552CBBA1499 /* WhisperKit in Frameworks */,
			);
			runOnlyForDeploymentPostprocessing = 0;
		};
		EDD79F91B85C4952358E00A0 /* Frameworks */ = {
			isa = PBXFrameworksBuildPhase;
			buildActionMask = 2147483647;
			files = (
				CF2B283799C371C0E375373A /* Foundation.framework in Frameworks */,
			);
			runOnlyForDeploymentPostprocessing = 0;
		};
/* End PBXFrameworksBuildPhase section */

/* Begin PBXGroup section */
		065833F1D2B73D9CAC040803 /* Satellites */ = {
			isa = PBXGroup;
			children = (
				C9E089F7ED30565521774EE0 /* JSONValue.swift */,
				C5A30D278955DD84612C0420 /* MacShims.swift */,
				8CD93A7418340355A8A2F7FB /* MacTypeShadows.swift */,
			);
			name = Satellites;
			path = Satellites;
			sourceTree = "<group>";
		};
		16D004E9ED8A707CC9F71D96 /* iTerm2CompanionTests */ = {
			isa = PBXGroup;
			children = (
				11C81AA6D435B93A174607CC /* AppModelWatchTests.swift */,
				1EA16B0A05A6D9259E8E03E6 /* SessionWatchStateTests.swift */,
				12D9CD088254B3E3460465D3 /* AppModelAIAvailabilityTests.swift */,
				0C2243748006AB82AC384800 /* AppModelSessionTreePushTests.swift */,
			);
			name = iTerm2CompanionTests;
			path = iTerm2CompanionTests;
			sourceTree = "<group>";
		};
		2BF990C33FD664D7BA6B5DEA /* iTerm2Companion */ = {
			isa = PBXGroup;
			children = (
				62642A473EDF75C89265A021 /* App */,
				7334984BE3212A7FB6922024 /* Connection */,
				065833F1D2B73D9CAC040803 /* Satellites */,
				63BC3C7EB90D8EC36EA56A01 /* Screens */,
				CD62D9F81A00D7DA55B294F7 /* Views */,
				F378B5128AD79BC724198A2C /* Assets.xcassets */,
				ED4ACF23B00C5F96B034D313 /* AppIcon.icon */,
				26F9072DC38354CC6C1FDA4C /* PrivacyInfo.xcprivacy */,
			);
			name = iTerm2Companion;
			path = iTerm2Companion;
			sourceTree = "<group>";
		};
		54E6D5AF0F3A750D2678AB70 = {
			isa = PBXGroup;
			children = (
				AEDA1CBAF330565E0B4A340B /* Products */,
				FC26A9309A26EDD981DD718F /* Frameworks */,
				A0B02E19437275C4C21A1F1E /* PushService */,
				2BF990C33FD664D7BA6B5DEA /* iTerm2Companion */,
				8DC24D474D656725A5B85073 /* SharedFromMac */,
				16D004E9ED8A707CC9F71D96 /* iTerm2CompanionTests */,
			);
			sourceTree = "<group>";
		};
		62642A473EDF75C89265A021 /* App */ = {
			isa = PBXGroup;
			children = (
				BB92933500526E16C1EBE386 /* AppModel.swift */,
				1EEC875039B2D49472257B9C /* CompanionFileLog.swift */,
				08B31B076D913EB6481D62BE /* DictationController.swift */,
				01EC056217DFA37255E5493A /* SessionWatchState.swift */,
				F9AC0F514502C14B2FE87DD5 /* VoiceCaptureController.swift */,
				9780D1B445C61A49942488D0 /* WhisperModelManager.swift */,
				D1476BCCE87ED0231CC11A49 /* iTerm2CompanionApp.swift */,
			);
			name = App;
			path = App;
			sourceTree = "<group>";
		};
		63BC3C7EB90D8EC36EA56A01 /* Screens */ = {
			isa = PBXGroup;
			children = (
				8F8E2343479191D02A69F49A /* ActivityView.swift */,
				3A8EEDD012ED5A568F37795D /* CompanionVideoView.swift */,
				038BB05B06C452EA8E9E250E /* ConversationView.swift */,
				83369AF63D7481BB550E7DB5 /* CreateView.swift */,
				33DB8617EEAFD94D50058966 /* HomeView.swift */,
				BE9F2AC3CB4A8F0E5271631C /* LaunchView.swift */,
				1CF14EA0ADD9A94C021D8139 /* MailComposeView.swift */,
				D9C6F058C835226E4D25EC92 /* PairingView.swift */,
				521D4C811CB1FE096B317D1A /* QRScannerView.swift */,
				334CC2C472EA2D2AC351C8ED /* ScanningView.swift */,
				B2450610BA92BD658105095B /* SessionBrowserView.swift */,
				27DF9D08DBE0E26617B6EAC4 /* SessionView.swift */,
				00D01BE8AC4F6F0CBD04226A /* SettingsView.swift */,
				0EC068ACF8048E6D51525946 /* UpgradeRequiredView.swift */,
				BED5347C086E4620D0EF216A /* WorkgroupView.swift */,
			);
			name = Screens;
			path = Screens;
			sourceTree = "<group>";
		};
		7334984BE3212A7FB6922024 /* Connection */ = {
			isa = PBXGroup;
			children = (
				6D658E115AC2C59A992B1490 /* CompanionClient.swift */,
				8F8133D64197578AF945E141 /* PhoneIdentity.swift */,
			);
			name = Connection;
			path = Connection;
			sourceTree = "<group>";
		};
		8C7C8D6EDE2FFE1A4440C31B /* iOS */ = {
			isa = PBXGroup;
			children = (
				3CEE85E71BE4DBE4037372BC /* Foundation.framework */,
			);
			name = iOS;
			sourceTree = "<group>";
		};
		8DC24D474D656725A5B85073 /* SharedFromMac */ = {
			isa = PBXGroup;
			children = (
				6135D2EF62BAC3E23462555C /* Message.swift */,
				81C7BCF6EEC50322784AE2B8 /* Chat.swift */,
				ABD3659BBD11AF3ACCAEE8FE /* RemoteCommand.swift */,
				C8A01BA57C1E190121F04B23 /* LLM.swift */,
				295F6B5A667883C31FD79B36 /* AIExplanationRequest.swift */,
				091673D315DA4A4924BDA690 /* AIExplanationResponse.swift */,
				28FF4786DF1906B800BA1E45 /* iTermAIError.swift */,
				4C995F36CC4FC3887CD9A88B /* TerminalCommand.swift */,
				9E4505B27C380EE1958F6F0F /* AIReasoningTypes.swift */,
				BF3228AB7F726F44B6059992 /* Result+iTerm.swift */,
				714F2D4D965B8D9E2D5AEAD6 /* NSDictionaryCodableBox.swift */,
				F2261B61AE729860B406CFF0 /* Data+BigEndian.swift */,
				E09816DB07BC9DA15CE4B04A /* MentionParser.swift */,
				A9BFBFD97ACB00EB331ECBB5 /* StableSessionID.swift */,
				3CAAB779C41C2A5E416E13AE /* WorkgroupWatcher.swift */,
				FC59C6C144A6C72C49F05E3A /* CompanionMessageSubstance.swift */,
				AAA59756FD9F3C556800C0DF /* MentionPlainTextRenderer.swift */,
				876437508FFE5183174B8C10 /* CompanionMessages.swift */,
				D80472616F40B375A553B4E8 /* CompanionPushRelay.swift */,
				A0FF45AFD27A3CC2A4AE73D6 /* CompanionSession.swift */,
				A75E34B1E8BCC754E96461F0 /* CompanionMediaFrame.swift */,
				899CA3FFF163692F10F48ADE /* CompanionFrameChannel.swift */,
				1B7CC474C9B1221597936642 /* CompanionHEVCFraming.swift */,
				D1FB0585F62C28BF79661E76 /* CompanionHEVCSampleBuilder.swift */,
				D216C7E3DB5034EE248DE82A /* CompanionTouchMapper.swift */,
				19B6C7F9E40A8B8EFEB092F1 /* CompanionHistoryWindow.swift */,
			);
			name = SharedFromMac;
			path = ..;
			sourceTree = "<group>";
		};
		A0B02E19437275C4C21A1F1E /* PushService */ = {
			isa = PBXGroup;
			children = (
				6852209B44ED0F1A576A5543 /* NotificationService.swift */,
				DCB0608B6CB31C0EC9303590 /* NSEFetcher.swift */,
				94DAA53D9437C8F95D460A42 /* PushService-Bridging-Header.h */,
				3010D0F84E7FA84C0FF835FB /* PrivacyInfo.xcprivacy */,
			);
			name = PushService;
			path = PushService;
			sourceTree = "<group>";
		};
		AEDA1CBAF330565E0B4A340B /* Products */ = {
			isa = PBXGroup;
			children = (
				E163F20CC4B54B9AF101D39B /* PushService.appex */,
				BCEEB0D173830E80B65F07EA /* iTerm2Companion.app */,
				C96CCC8C92D8ECA015AECC3E /* iTerm2CompanionTests.xctest */,
			);
			name = Products;
			sourceTree = "<group>";
		};
		CD62D9F81A00D7DA55B294F7 /* Views */ = {
			isa = PBXGroup;
			children = (
				15DD1BB4C88E532DDA379926 /* AIUnavailablePanel.swift */,
				404800FB93647C58E82D4E77 /* AgentComposerBar.swift */,
				E1FA63F50E0B4EE7EC971BA7 /* CompanionKeyboardInputView.swift */,
				7050F059A6CF8AF041606895 /* MentionComposerView.swift */,
				9CE9874EA1D4C706C2902F41 /* MessageBubbleView.swift */,
				5B97CEA63E215D7B71954B78 /* PrimaryButtonLabel.swift */,
				600CF796CD5D64CCB378ECEE /* SessionKeyboardAccessory.swift */,
				665B61149D1A64E0B259EE96 /* SessionTreeList.swift */,
			);
			name = Views;
			path = Views;
			sourceTree = "<group>";
		};
		FC26A9309A26EDD981DD718F /* Frameworks */ = {
			isa = PBXGroup;
			children = (
				8C7C8D6EDE2FFE1A4440C31B /* iOS */,
			);
			name = Frameworks;
			sourceTree = "<group>";
		};
/* End PBXGroup section */

/* Begin PBXNativeTarget section */
		3117DA63CDB0755B80A7FDA2 /* iTerm2Companion */ = {
			isa = PBXNativeTarget;
			buildConfigurationList = 69D35E3C9202EDD33F8451FA /* Build configuration list for PBXNativeTarget "iTerm2Companion" */;
			buildPhases = (
				917AB1C1B0E220F379907641 /* Sources */,
				93D2EBF118E1C08A6ED7B2DB /* Frameworks */,
				6D46EA60919671FF1ADBF306 /* Resources */,
				97D83102E477F25B9BEC7CE3 /* Embed Foundation Extensions */,
			);
			buildRules = (
			);
			dependencies = (
				059FDE4E7CB16ADA1EBB2270 /* PBXTargetDependency */,
			);
			name = iTerm2Companion;
			packageProductDependencies = (
				3A703814C66872907D9A3870 /* CompanionProtocol */,
				34D43661899D68A2050B57E4 /* CompanionNoise */,
				9E3E0386540E2AF4A3A51B54 /* CompanionTransport */,
				6F687B630814556B6C270503 /* WhisperKit */,
			);
			productName = iTerm2Companion;
			productReference = BCEEB0D173830E80B65F07EA /* iTerm2Companion.app */;
			productType = "com.apple.product-type.application";
		};
		C76FF555248E136818AFD68C /* PushService */ = {
			isa = PBXNativeTarget;
			buildConfigurationList = AEFA9476D3F17C7EE0044F8E /* Build configuration list for PBXNativeTarget "PushService" */;
			buildPhases = (
				334C38EC1B677457DDE060A4 /* Sources */,
				6BB29EB77D786784552B4E8B /* Frameworks */,
				5B78573A45DF9B683B119B8A /* Resources */,
			);
			buildRules = (
			);
			dependencies = (
			);
			name = PushService;
			packageProductDependencies = (
				C174730506C2EE45206C9025 /* CompanionProtocol */,
				7FC311C6E2532D483E39C045 /* CompanionNoise */,
				09EFBAB366E18E5E24DDEAE2 /* CompanionTransport */,
			);
			productName = PushService;
			productReference = E163F20CC4B54B9AF101D39B /* PushService.appex */;
			productType = "com.apple.product-type.app-extension";
		};
		E858C79A1E884FCC835C8DD4 /* iTerm2CompanionTests */ = {
			isa = PBXNativeTarget;
			buildConfigurationList = 8DEBA4CFE18D9851BB4D68A8 /* Build configuration list for PBXNativeTarget "iTerm2CompanionTests" */;
			buildPhases = (
				BC7699967FC517E3565398D5 /* Sources */,
				EDD79F91B85C4952358E00A0 /* Frameworks */,
				5F3EDFAAC1D122B2E9D8E10A /* Resources */,
			);
			buildRules = (
			);
			dependencies = (
				05DE423B88E057D9260F9036 /* PBXTargetDependency */,
			);
			name = iTerm2CompanionTests;
			productName = iTerm2CompanionTests;
			productReference = C96CCC8C92D8ECA015AECC3E /* iTerm2CompanionTests.xctest */;
			productType = "com.apple.product-type.bundle.unit-test";
		};
/* End PBXNativeTarget section */

/* Begin PBXProject section */
		881A5BF576469F7F1E4C3722 /* Project object */ = {
			isa = PBXProject;
			attributes = {
				LastSwiftUpdateCheck = 1600;
				LastUpgradeCheck = 1600;
			};
			buildConfigurationList = 69A3123419E69E93BC0E3378 /* Build configuration list for PBXProject "iTerm2Companion" */;
			compatibilityVersion = "Xcode 3.2";
			developmentRegion = en;
			hasScannedForEncodings = 0;
			knownRegions = (
				en,
				Base,
			);
			mainGroup = 54E6D5AF0F3A750D2678AB70;
			minimizedProjectReferenceProxies = 0;
			packageReferences = (
				834074E30BCCA5A76FC8C0D6 /* XCLocalSwiftPackageReference "CompanionCore" */,
				3C218E7288DD62AD440A49A3 /* XCRemoteSwiftPackageReference "WhisperKit" */,
			);
			preferredProjectObjectVersion = 100;
			productRefGroup = AEDA1CBAF330565E0B4A340B /* Products */;
			projectDirPath = "";
			projectRoot = "";
			targets = (
				C76FF555248E136818AFD68C /* PushService */,
				3117DA63CDB0755B80A7FDA2 /* iTerm2Companion */,
				E858C79A1E884FCC835C8DD4 /* iTerm2CompanionTests */,
			);
		};
/* End PBXProject section */

/* Begin PBXResourcesBuildPhase section */
		5B78573A45DF9B683B119B8A /* Resources */ = {
			isa = PBXResourcesBuildPhase;
			buildActionMask = 2147483647;
			files = (
				52229EC6987B853AFC2B28C4 /* PrivacyInfo.xcprivacy in Resources */,
			);
			runOnlyForDeploymentPostprocessing = 0;
		};
		5F3EDFAAC1D122B2E9D8E10A /* Resources */ = {
			isa = PBXResourcesBuildPhase;
			buildActionMask = 2147483647;
			files = (
			);
			runOnlyForDeploymentPostprocessing = 0;
		};
		6D46EA60919671FF1ADBF306 /* Resources */ = {
			isa = PBXResourcesBuildPhase;
			buildActionMask = 2147483647;
			files = (
				6C9735DEFC6DBEA970DDD566 /* Assets.xcassets in Resources */,
				DC5017B92348885E192CEE9E /* AppIcon.icon in Resources */,
				63C73D8F74145D6BE16F82C3 /* PrivacyInfo.xcprivacy in Resources */,
			);
			runOnlyForDeploymentPostprocessing = 0;
		};
/* End PBXResourcesBuildPhase section */

/* Begin PBXSourcesBuildPhase section */
		334C38EC1B677457DDE060A4 /* Sources */ = {
			isa = PBXSourcesBuildPhase;
			buildActionMask = 2147483647;
			files = (
				40C500EADB19004A36D889D9 /* NotificationService.swift in Sources */,
				82DC6595EA8338EF54900FBF /* NSEFetcher.swift in Sources */,
			);
			runOnlyForDeploymentPostprocessing = 0;
		};
		917AB1C1B0E220F379907641 /* Sources */ = {
			isa = PBXSourcesBuildPhase;
			buildActionMask = 2147483647;
			files = (
				BDDE13652CCE1B9DC62E6FC3 /* AppModel.swift in Sources */,
				9140B44D95F1A5AE9B7E5A58 /* CompanionFileLog.swift in Sources */,
				72F3E6B6A7EFAF936C884914 /* DictationController.swift in Sources */,
				750568A28E6F15ADCDBEE696 /* SessionWatchState.swift in Sources */,
				FA79DF47840B7878F030EDFE /* VoiceCaptureController.swift in Sources */,
				01B5B6086347BEC48F2A659E /* WhisperModelManager.swift in Sources */,
				44AED37B9226D47690CAB531 /* iTerm2CompanionApp.swift in Sources */,
				5AE60854B5EA3705961EE4C7 /* CompanionClient.swift in Sources */,
				BDE4A559D8FA682B4509AB4D /* PhoneIdentity.swift in Sources */,
				FBF21EC98448C3A48E1F0B8D /* JSONValue.swift in Sources */,
				A07E788CA152E17513A0AF89 /* MacShims.swift in Sources */,
				4F4F4BBBE880921EC33C0802 /* MacTypeShadows.swift in Sources */,
				5CAC7041904B57E546C806FF /* ActivityView.swift in Sources */,
				D70DDE862BC5B02CBA265834 /* CompanionVideoView.swift in Sources */,
				21A03A55C59A361C466D69C7 /* ConversationView.swift in Sources */,
				46EDB9EE0359F240616C8C9C /* CreateView.swift in Sources */,
				33040F306643585FD84DCCEF /* HomeView.swift in Sources */,
				E9B4EB2FFB8F2581BB234225 /* LaunchView.swift in Sources */,
				44E9EA2F0DB0C21F63E99F71 /* MailComposeView.swift in Sources */,
				6DB9B62F359C487450A48253 /* PairingView.swift in Sources */,
				723C4D6C3FA637F72B5E0BC4 /* QRScannerView.swift in Sources */,
				E7789F9AE0C41E03B8EC2004 /* ScanningView.swift in Sources */,
				E13003B46BAE284AB3F5B47E /* SessionBrowserView.swift in Sources */,
				6A5B543F731EEFF65EC4DCA8 /* SessionView.swift in Sources */,
				BFA1A3C139E248E15E74979C /* SettingsView.swift in Sources */,
				ED02C0975DCD6DCFDAF9814E /* UpgradeRequiredView.swift in Sources */,
				7AFE2BC4260E901B6CE32B18 /* WorkgroupView.swift in Sources */,
				C69D299E601EDC281977C553 /* AIUnavailablePanel.swift in Sources */,
				A4515E64521218E56B102468 /* AgentComposerBar.swift in Sources */,
				D5788A8F69E49DC5D51DD4DA /* CompanionKeyboardInputView.swift in Sources */,
				9C9449E204038CD1CCEACCD9 /* MentionComposerView.swift in Sources */,
				9C595A22C1BE7928B46F3FB8 /* MessageBubbleView.swift in Sources */,
				84EB8FDE3F4BE46AC56FD2A2 /* PrimaryButtonLabel.swift in Sources */,
				65CE20D8D846115CDE1C0BAB /* SessionKeyboardAccessory.swift in Sources */,
				D97DD15A1421B715DBF09AD2 /* SessionTreeList.swift in Sources */,
				FAD404A0FFAF84488B7DC6F0 /* Message.swift in Sources */,
				2B392F6652979F8735B9CA72 /* Chat.swift in Sources */,
				0D6EEAA42023692ED56F3840 /* RemoteCommand.swift in Sources */,
				8207F597DEE031F2EFAE914B /* LLM.swift in Sources */,
				86C41BD0345935BF457E8573 /* AIExplanationRequest.swift in Sources */,
				1A556B04F4AF1079A490DEB4 /* AIExplanationResponse.swift in Sources */,
				8919710569902A61EC99703A /* iTermAIError.swift in Sources */,
				541EABDD2BD0A4F792AC0CF5 /* TerminalCommand.swift in Sources */,
				E911D9AB16D97BC77EB5023A /* AIReasoningTypes.swift in Sources */,
				52DD60EA3A0302BBBDFDED5B /* Result+iTerm.swift in Sources */,
				35FB02E982E5C9A43D85DA9F /* NSDictionaryCodableBox.swift in Sources */,
				0CE1ECF90278E7435936D6D0 /* Data+BigEndian.swift in Sources */,
				3B95D64F16B080C81ED5D748 /* MentionParser.swift in Sources */,
				F6F3756EF8D1F16ED2F650DC /* StableSessionID.swift in Sources */,
				4BCD518C44F419D977D89CB8 /* WorkgroupWatcher.swift in Sources */,
				2DCB14AABFA840F8A71FEDC8 /* CompanionMessageSubstance.swift in Sources */,
				4CFF08D6EEAA41A6D8447083 /* MentionPlainTextRenderer.swift in Sources */,
				FA946A938785A2193F1A5E56 /* CompanionMessages.swift in Sources */,
				0F5AC2DB0B46F8D37CA2B1AC /* CompanionPushRelay.swift in Sources */,
				CC7D450E949E10E96F31EF68 /* CompanionSession.swift in Sources */,
				65FEF92FB905D14B0718BFD5 /* CompanionMediaFrame.swift in Sources */,
				B260FE6C21F8D00FAE2778B5 /* CompanionFrameChannel.swift in Sources */,
				31EDD35245593806E3998191 /* CompanionHEVCFraming.swift in Sources */,
				0A126F1CCFA38B3B55DDD7D1 /* CompanionHEVCSampleBuilder.swift in Sources */,
				0644A2145482D4E7E0E5F5E7 /* CompanionTouchMapper.swift in Sources */,
				B02C48D11645D41E7EF75366 /* CompanionHistoryWindow.swift in Sources */,
			);
			runOnlyForDeploymentPostprocessing = 0;
		};
		BC7699967FC517E3565398D5 /* Sources */ = {
			isa = PBXSourcesBuildPhase;
			buildActionMask = 2147483647;
			files = (
				A366B7E9D8DC8E3ACFE888B2 /* AppModelWatchTests.swift in Sources */,
				AC39B2EE816F0E495DA7AC6C /* SessionWatchStateTests.swift in Sources */,
				DF6B79C18E738A49298654BC /* AppModelAIAvailabilityTests.swift in Sources */,
				AFD9CB187D00FA257E51C02F /* AppModelSessionTreePushTests.swift in Sources */,
			);
			runOnlyForDeploymentPostprocessing = 0;
		};
/* End PBXSourcesBuildPhase section */

/* Begin PBXTargetDependency section */
		059FDE4E7CB16ADA1EBB2270 /* PBXTargetDependency */ = {
			isa = PBXTargetDependency;
			name = PushService;
			target = C76FF555248E136818AFD68C /* PushService */;
			targetProxy = A1AD75FFE7EC587596F31A00 /* PBXContainerItemProxy */;
		};
		05DE423B88E057D9260F9036 /* PBXTargetDependency */ = {
			isa = PBXTargetDependency;
			name = iTerm2Companion;
			target = 3117DA63CDB0755B80A7FDA2 /* iTerm2Companion */;
			targetProxy = 14E4195201E2D4F5EA9802F4 /* PBXContainerItemProxy */;
		};
/* End PBXTargetDependency section */

/* Begin XCBuildConfiguration section */
		0CB13A456E364B04FAD1EB37 /* Release */ = {
			isa = XCBuildConfiguration;
			buildSettings = {
				CLANG_ENABLE_OBJC_WEAK = NO;
				CODE_SIGN_ENTITLEMENTS = PushService/PushService.entitlements;
				CODE_SIGN_STYLE = Automatic;
				CURRENT_PROJECT_VERSION = 9;
				DEVELOPMENT_TEAM = H7V7XYVQ7D;
				GENERATE_INFOPLIST_FILE = YES;
				INFOPLIST_FILE = PushService/Info.plist;
				INFOPLIST_KEY_CFBundleDisplayName = PushService;
				IPHONEOS_DEPLOYMENT_TARGET = 26.0;
				LD_RUNPATH_SEARCH_PATHS = "$(inherited) @executable_path/Frameworks @executable_path/../../Frameworks";
				MARKETING_VERSION = 1.0;
				PRODUCT_BUNDLE_IDENTIFIER = com.googlecode.iterm2.companion.PushService;
				PRODUCT_NAME = "$(TARGET_NAME)";
				SDKROOT = iphoneos;
				SKIP_INSTALL = YES;
				SWIFT_EMIT_LOC_STRINGS = YES;
				SWIFT_OBJC_BRIDGING_HEADER = "PushService/PushService-Bridging-Header.h";
				SWIFT_VERSION = 5.0;
				TARGETED_DEVICE_FAMILY = "1,2";
				VALIDATE_PRODUCT = YES;
			};
			name = Release;
		};
		2E88BCE89B8A7A975BE9B22C /* Debug */ = {
			isa = XCBuildConfiguration;
			buildSettings = {
				ASSETCATALOG_COMPILER_APPICON_NAME = AppIcon;
				ASSETCATALOG_COMPILER_GLOBAL_ACCENT_COLOR_NAME = AccentColor;
				CLANG_ENABLE_OBJC_WEAK = NO;
				CODE_SIGN_ENTITLEMENTS = "iTerm2Companion/Resources/iTerm2Companion-Debug.entitlements";
				CODE_SIGN_STYLE = Automatic;
				CURRENT_PROJECT_VERSION = 9;
				DEVELOPMENT_TEAM = H7V7XYVQ7D;
				ENABLE_PREVIEWS = YES;
				GENERATE_INFOPLIST_FILE = NO;
				INFOPLIST_FILE = iTerm2Companion/Resources/Info.plist;
				IPHONEOS_DEPLOYMENT_TARGET = 26.0;
				LD_RUNPATH_SEARCH_PATHS = "$(inherited) @executable_path/Frameworks";
				MARKETING_VERSION = 1.0;
				PRODUCT_BUNDLE_IDENTIFIER = com.googlecode.iterm2.companion;
				PRODUCT_NAME = "$(TARGET_NAME)";
				SDKROOT = iphoneos;
				SWIFT_EMIT_LOC_STRINGS = YES;
				SWIFT_VERSION = 5.0;
				TARGETED_DEVICE_FAMILY = "1,2";
			};
			name = Debug;
		};
		4523598FE580C2BBC996D8CB /* Debug */ = {
			isa = XCBuildConfiguration;
			buildSettings = {
				BUNDLE_LOADER = "$(TEST_HOST)";
				CLANG_ENABLE_OBJC_WEAK = NO;
				CODE_SIGN_STYLE = Automatic;
				DEVELOPMENT_TEAM = H7V7XYVQ7D;
				GENERATE_INFOPLIST_FILE = YES;
				IPHONEOS_DEPLOYMENT_TARGET = 26.0;
				PRODUCT_BUNDLE_IDENTIFIER = com.googlecode.iterm2.companion.tests;
				SDKROOT = iphoneos;
				SWIFT_VERSION = 5.0;
				TEST_HOST = "$(BUILT_PRODUCTS_DIR)/iTerm2Companion.app/$(BUNDLE_EXECUTABLE_FOLDER_PATH)/iTerm2Companion";
			};
			name = Debug;
		};
		4C849598FEF18251140B650F /* Debug */ = {
			isa = XCBuildConfiguration;
			buildSettings = {
				ALWAYS_SEARCH_USER_PATHS = NO;
				CLANG_ANALYZER_NONNULL = YES;
				CLANG_ANALYZER_NUMBER_OBJECT_CONVERSION = YES_AGGRESSIVE;
				CLANG_CXX_LANGUAGE_STANDARD = "gnu++14";
				CLANG_CXX_LIBRARY = "libc++";
				CLANG_ENABLE_MODULES = YES;
				CLANG_ENABLE_OBJC_ARC = YES;
				CLANG_ENABLE_OBJC_WEAK = YES;
				CLANG_WARN_BLOCK_CAPTURE_AUTORELEASING = YES;
				CLANG_WARN_BOOL_CONVERSION = YES;
				CLANG_WARN_COMMA = YES;
				CLANG_WARN_CONSTANT_CONVERSION = YES;
				CLANG_WARN_DEPRECATED_OBJC_IMPLEMENTATIONS = YES;
				CLANG_WARN_DIRECT_OBJC_ISA_USAGE = YES_ERROR;
				CLANG_WARN_DOCUMENTATION_COMMENTS = YES;
				CLANG_WARN_EMPTY_BODY = YES;
				CLANG_WARN_ENUM_CONVERSION = YES;
				CLANG_WARN_INFINITE_RECURSION = YES;
				CLANG_WARN_INT_CONVERSION = YES;
				CLANG_WARN_NON_LITERAL_NULL_CONVERSION = YES;
				CLANG_WARN_OBJC_IMPLICIT_RETAIN_SELF = YES;
				CLANG_WARN_OBJC_LITERAL_CONVERSION = YES;
				CLANG_WARN_OBJC_ROOT_CLASS = YES_ERROR;
				CLANG_WARN_QUOTED_INCLUDE_IN_FRAMEWORK_HEADER = YES;
				CLANG_WARN_RANGE_LOOP_ANALYSIS = YES;
				CLANG_WARN_STRICT_PROTOTYPES = YES;
				CLANG_WARN_SUSPICIOUS_MOVE = YES;
				CLANG_WARN_UNGUARDED_AVAILABILITY = YES_AGGRESSIVE;
				CLANG_WARN_UNREACHABLE_CODE = YES;
				CLANG_WARN__DUPLICATE_METHOD_MATCH = YES;
				COPY_PHASE_STRIP = NO;
				DEBUG_INFORMATION_FORMAT = dwarf;
				ENABLE_STRICT_OBJC_MSGSEND = YES;
				ENABLE_TESTABILITY = YES;
				GCC_C_LANGUAGE_STANDARD = gnu11;
				GCC_DYNAMIC_NO_PIC = NO;
				GCC_NO_COMMON_BLOCKS = YES;
				GCC_OPTIMIZATION_LEVEL = 0;
				GCC_PREPROCESSOR_DEFINITIONS = (
					"DEBUG=1",
					"$(inherited)",
				);
				GCC_WARN_64_TO_32_BIT_CONVERSION = YES;
				GCC_WARN_ABOUT_RETURN_TYPE = YES_ERROR;
				GCC_WARN_UNDECLARED_SELECTOR = YES;
				GCC_WARN_UNINITIALIZED_AUTOS = YES_AGGRESSIVE;
				GCC_WARN_UNUSED_FUNCTION = YES;
				GCC_WARN_UNUSED_VARIABLE = YES;
				MTL_ENABLE_DEBUG_INFO = INCLUDE_SOURCE;
				MTL_FAST_MATH = YES;
				ONLY_ACTIVE_ARCH = YES;
				PRODUCT_NAME = "$(TARGET_NAME)";
				SWIFT_ACTIVE_COMPILATION_CONDITIONS = DEBUG;
				SWIFT_OPTIMIZATION_LEVEL = "-Onone";
				SWIFT_VERSION = 5.0;
			};
			name = Debug;
		};
		4FB055B76991F5537F9C6AB2 /* Release */ = {
			isa = XCBuildConfiguration;
			buildSettings = {
				ALWAYS_SEARCH_USER_PATHS = NO;
				CLANG_ANALYZER_NONNULL = YES;
				CLANG_ANALYZER_NUMBER_OBJECT_CONVERSION = YES_AGGRESSIVE;
				CLANG_CXX_LANGUAGE_STANDARD = "gnu++14";
				CLANG_CXX_LIBRARY = "libc++";
				CLANG_ENABLE_MODULES = YES;
				CLANG_ENABLE_OBJC_ARC = YES;
				CLANG_ENABLE_OBJC_WEAK = YES;
				CLANG_WARN_BLOCK_CAPTURE_AUTORELEASING = YES;
				CLANG_WARN_BOOL_CONVERSION = YES;
				CLANG_WARN_COMMA = YES;
				CLANG_WARN_CONSTANT_CONVERSION = YES;
				CLANG_WARN_DEPRECATED_OBJC_IMPLEMENTATIONS = YES;
				CLANG_WARN_DIRECT_OBJC_ISA_USAGE = YES_ERROR;
				CLANG_WARN_DOCUMENTATION_COMMENTS = YES;
				CLANG_WARN_EMPTY_BODY = YES;
				CLANG_WARN_ENUM_CONVERSION = YES;
				CLANG_WARN_INFINITE_RECURSION = YES;
				CLANG_WARN_INT_CONVERSION = YES;
				CLANG_WARN_NON_LITERAL_NULL_CONVERSION = YES;
				CLANG_WARN_OBJC_IMPLICIT_RETAIN_SELF = YES;
				CLANG_WARN_OBJC_LITERAL_CONVERSION = YES;
				CLANG_WARN_OBJC_ROOT_CLASS = YES_ERROR;
				CLANG_WARN_QUOTED_INCLUDE_IN_FRAMEWORK_HEADER = YES;
				CLANG_WARN_RANGE_LOOP_ANALYSIS = YES;
				CLANG_WARN_STRICT_PROTOTYPES = YES;
				CLANG_WARN_SUSPICIOUS_MOVE = YES;
				CLANG_WARN_UNGUARDED_AVAILABILITY = YES_AGGRESSIVE;
				CLANG_WARN_UNREACHABLE_CODE = YES;
				CLANG_WARN__DUPLICATE_METHOD_MATCH = YES;
				COPY_PHASE_STRIP = NO;
				DEBUG_INFORMATION_FORMAT = "dwarf-with-dsym";
				ENABLE_NS_ASSERTIONS = NO;
				ENABLE_STRICT_OBJC_MSGSEND = YES;
				GCC_C_LANGUAGE_STANDARD = gnu11;
				GCC_NO_COMMON_BLOCKS = YES;
				GCC_WARN_64_TO_32_BIT_CONVERSION = YES;
				GCC_WARN_ABOUT_RETURN_TYPE = YES_ERROR;
				GCC_WARN_UNDECLARED_SELECTOR = YES;
				GCC_WARN_UNINITIALIZED_AUTOS = YES_AGGRESSIVE;
				GCC_WARN_UNUSED_FUNCTION = YES;
				GCC_WARN_UNUSED_VARIABLE = YES;
				MTL_ENABLE_DEBUG_INFO = NO;
				MTL_FAST_MATH = YES;
				PRODUCT_NAME = "$(TARGET_NAME)";
				SWIFT_COMPILATION_MODE = wholemodule;
				SWIFT_OPTIMIZATION_LEVEL = "-O";
				SWIFT_VERSION = 5.0;
			};
			name = Release;
		};
		8395124A6F64D0128A3256E5 /* Release */ = {
			isa = XCBuildConfiguration;
			buildSettings = {
				BUNDLE_LOADER = "$(TEST_HOST)";
				CLANG_ENABLE_OBJC_WEAK = NO;
				CODE_SIGN_STYLE = Automatic;
				DEVELOPMENT_TEAM = H7V7XYVQ7D;
				GENERATE_INFOPLIST_FILE = YES;
				IPHONEOS_DEPLOYMENT_TARGET = 26.0;
				PRODUCT_BUNDLE_IDENTIFIER = com.googlecode.iterm2.companion.tests;
				SDKROOT = iphoneos;
				SWIFT_VERSION = 5.0;
				TEST_HOST = "$(BUILT_PRODUCTS_DIR)/iTerm2Companion.app/$(BUNDLE_EXECUTABLE_FOLDER_PATH)/iTerm2Companion";
				VALIDATE_PRODUCT = YES;
			};
			name = Release;
		};
		A4A8AA0365CE9BFF85F30B4D /* Debug */ = {
			isa = XCBuildConfiguration;
			buildSettings = {
				CLANG_ENABLE_OBJC_WEAK = NO;
				CODE_SIGN_ENTITLEMENTS = PushService/PushService.entitlements;
				CODE_SIGN_STYLE = Automatic;
				CURRENT_PROJECT_VERSION = 9;
				DEVELOPMENT_TEAM = H7V7XYVQ7D;
				GENERATE_INFOPLIST_FILE = YES;
				INFOPLIST_FILE = PushService/Info.plist;
				INFOPLIST_KEY_CFBundleDisplayName = PushService;
				IPHONEOS_DEPLOYMENT_TARGET = 26.0;
				LD_RUNPATH_SEARCH_PATHS = "$(inherited) @executable_path/Frameworks @executable_path/../../Frameworks";
				MARKETING_VERSION = 1.0;
				PRODUCT_BUNDLE_IDENTIFIER = com.googlecode.iterm2.companion.PushService;
				PRODUCT_NAME = "$(TARGET_NAME)";
				SDKROOT = iphoneos;
				SKIP_INSTALL = YES;
				SWIFT_EMIT_LOC_STRINGS = YES;
				SWIFT_OBJC_BRIDGING_HEADER = "PushService/PushService-Bridging-Header.h";
				SWIFT_VERSION = 5.0;
				TARGETED_DEVICE_FAMILY = "1,2";
			};
			name = Debug;
		};
		F771CC1D91DD5D4BAAACF53F /* Release */ = {
			isa = XCBuildConfiguration;
			buildSettings = {
				ASSETCATALOG_COMPILER_APPICON_NAME = AppIcon;
				ASSETCATALOG_COMPILER_GLOBAL_ACCENT_COLOR_NAME = AccentColor;
				CLANG_ENABLE_OBJC_WEAK = NO;
				CODE_SIGN_ENTITLEMENTS = "iTerm2Companion/Resources/iTerm2Companion-Release.entitlements";
				CODE_SIGN_STYLE = Automatic;
				CURRENT_PROJECT_VERSION = 9;
				DEVELOPMENT_TEAM = H7V7XYVQ7D;
				ENABLE_PREVIEWS = YES;
				GENERATE_INFOPLIST_FILE = NO;
				INFOPLIST_FILE = iTerm2Companion/Resources/Info.plist;
				IPHONEOS_DEPLOYMENT_TARGET = 26.0;
				LD_RUNPATH_SEARCH_PATHS = "$(inherited) @executable_path/Frameworks";
				MARKETING_VERSION = 1.0;
				PRODUCT_BUNDLE_IDENTIFIER = com.googlecode.iterm2.companion;
				PRODUCT_NAME = "$(TARGET_NAME)";
				SDKROOT = iphoneos;
				SWIFT_EMIT_LOC_STRINGS = YES;
				SWIFT_VERSION = 5.0;
				TARGETED_DEVICE_FAMILY = "1,2";
				VALIDATE_PRODUCT = YES;
			};
			name = Release;
		};
/* End XCBuildConfiguration section */

/* Begin XCConfigurationList section */
		69A3123419E69E93BC0E3378 /* Build configuration list for PBXProject "iTerm2Companion" */ = {
			isa = XCConfigurationList;
			buildConfigurations = (
				4C849598FEF18251140B650F /* Debug */,
				4FB055B76991F5537F9C6AB2 /* Release */,
			);
			defaultConfigurationIsVisible = 0;
			defaultConfigurationName = Release;
		};
		69D35E3C9202EDD33F8451FA /* Build configuration list for PBXNativeTarget "iTerm2Companion" */ = {
			isa = XCConfigurationList;
			buildConfigurations = (
				F771CC1D91DD5D4BAAACF53F /* Release */,
				2E88BCE89B8A7A975BE9B22C /* Debug */,
			);
			defaultConfigurationIsVisible = 0;
			defaultConfigurationName = Release;
		};
		8DEBA4CFE18D9851BB4D68A8 /* Build configuration list for PBXNativeTarget "iTerm2CompanionTests" */ = {
			isa = XCConfigurationList;
			buildConfigurations = (
				8395124A6F64D0128A3256E5 /* Release */,
				4523598FE580C2BBC996D8CB /* Debug */,
			);
			defaultConfigurationIsVisible = 0;
			defaultConfigurationName = Release;
		};
		AEFA9476D3F17C7EE0044F8E /* Build configuration list for PBXNativeTarget "PushService" */ = {
			isa = XCConfigurationList;
			buildConfigurations = (
				0CB13A456E364B04FAD1EB37 /* Release */,
				A4A8AA0365CE9BFF85F30B4D /* Debug */,
			);
			defaultConfigurationIsVisible = 0;
			defaultConfigurationName = Release;
		};
/* End XCConfigurationList section */

/* Begin XCLocalSwiftPackageReference section */
		834074E30BCCA5A76FC8C0D6 /* XCLocalSwiftPackageReference "CompanionCore" */ = {
			isa = XCLocalSwiftPackageReference;
			relativePath = CompanionCore;
		};
/* End XCLocalSwiftPackageReference section */

/* Begin XCRemoteSwiftPackageReference section */
		3C218E7288DD62AD440A49A3 /* XCRemoteSwiftPackageReference "WhisperKit" */ = {
			isa = XCRemoteSwiftPackageReference;
			repositoryURL = "https://github.com/argmaxinc/WhisperKit.git";
			requirement = {
				kind = upToNextMajorVersion;
				minimumVersion = 1.0.0;
			};
		};
/* End XCRemoteSwiftPackageReference section */

/* Begin XCSwiftPackageProductDependency section */
		09EFBAB366E18E5E24DDEAE2 /* CompanionTransport */ = {
			isa = XCSwiftPackageProductDependency;
			package = 834074E30BCCA5A76FC8C0D6 /* XCLocalSwiftPackageReference "CompanionCore" */;
			productName = CompanionTransport;
		};
		34D43661899D68A2050B57E4 /* CompanionNoise */ = {
			isa = XCSwiftPackageProductDependency;
			package = 834074E30BCCA5A76FC8C0D6 /* XCLocalSwiftPackageReference "CompanionCore" */;
			productName = CompanionNoise;
		};
		3A703814C66872907D9A3870 /* CompanionProtocol */ = {
			isa = XCSwiftPackageProductDependency;
			package = 834074E30BCCA5A76FC8C0D6 /* XCLocalSwiftPackageReference "CompanionCore" */;
			productName = CompanionProtocol;
		};
		6F687B630814556B6C270503 /* WhisperKit */ = {
			isa = XCSwiftPackageProductDependency;
			package = 3C218E7288DD62AD440A49A3 /* XCRemoteSwiftPackageReference "WhisperKit" */;
			productName = WhisperKit;
		};
		7FC311C6E2532D483E39C045 /* CompanionNoise */ = {
			isa = XCSwiftPackageProductDependency;
			package = 834074E30BCCA5A76FC8C0D6 /* XCLocalSwiftPackageReference "CompanionCore" */;
			productName = CompanionNoise;
		};
		9E3E0386540E2AF4A3A51B54 /* CompanionTransport */ = {
			isa = XCSwiftPackageProductDependency;
			package = 834074E30BCCA5A76FC8C0D6 /* XCLocalSwiftPackageReference "CompanionCore" */;
			productName = CompanionTransport;
		};
		C174730506C2EE45206C9025 /* CompanionProtocol */ = {
			isa = XCSwiftPackageProductDependency;
			package = 834074E30BCCA5A76FC8C0D6 /* XCLocalSwiftPackageReference "CompanionCore" */;
			productName = CompanionProtocol;
		};
/* End XCSwiftPackageProductDependency section */
	};
	rootObject = 881A5BF576469F7F1E4C3722 /* Project object */;
}
