// !$*UTF8*$!
{
	archiveVersion = 1;
	classes = {
	};
	objectVersion = 70;
	objects = {

/* Begin PBXBuildFile section */
		031D25E04F2526D1221E65C4 /* CompanionMediaFrame.swift in Sources */ = {isa = PBXBuildFile; fileRef = 508E2211C4ADF7AB23B5CF3F /* CompanionMediaFrame.swift */; };
		0C88E9AF756C21683FEB1BF6 /* AIExplanationRequest.swift in Sources */ = {isa = PBXBuildFile; fileRef = 3AED2D9CBC65681E48B458F7 /* AIExplanationRequest.swift */; };
		0FE3B2F4008CF7ACF6978145 /* SettingsView.swift in Sources */ = {isa = PBXBuildFile; fileRef = 10114730702BBA43426D5E85 /* SettingsView.swift */; };
		1822ADF68D3A0178CE4CCA1F /* SessionBrowserView.swift in Sources */ = {isa = PBXBuildFile; fileRef = E3A21C6D0017626533817E5E /* SessionBrowserView.swift */; };
		1A4A5B9A5AFE0E89561BA7E4 /* VoiceCaptureController.swift in Sources */ = {isa = PBXBuildFile; fileRef = 9845DDD46D6AA61085BA448F /* VoiceCaptureController.swift */; };
		28B9863A97376BF11F48358A /* CompanionFrameChannel.swift in Sources */ = {isa = PBXBuildFile; fileRef = 6B45585DFAFCF303451219BB /* CompanionFrameChannel.swift */; };
		2A7C547246D31037B9140DF9 /* PairingView.swift in Sources */ = {isa = PBXBuildFile; fileRef = 3541E5F2F774361A77015778 /* PairingView.swift */; };
		2B3EA67EF890DA8EBDA79B70 /* AppIcon.icon in Resources */ = {isa = PBXBuildFile; fileRef = 7836C53444CAE5CDF235737E /* AppIcon.icon */; };
		2B4562DB8E2A411072237E9F /* Message.swift in Sources */ = {isa = PBXBuildFile; fileRef = 0F47305487EBECCCC106B8E5 /* Message.swift */; };
		2F3A12CEFA3EC840258F8A8C /* CompanionProtocol in Frameworks */ = {isa = PBXBuildFile; productRef = 1AEB85FB2914F4CB3224B70A /* CompanionProtocol */; };
		34FAE09941A2FB2C050C7CFC /* PrimaryButtonLabel.swift in Sources */ = {isa = PBXBuildFile; fileRef = 1A7AAC6F6EA0B7C8BC0DFDDA /* PrimaryButtonLabel.swift */; };
		361F37C77D701894FFE06B38 /* SessionTreeList.swift in Sources */ = {isa = PBXBuildFile; fileRef = 3132DD84BB25513820D33A3C /* SessionTreeList.swift */; };
		39940659CD74D5AF58DF503C /* WorkgroupView.swift in Sources */ = {isa = PBXBuildFile; fileRef = 24218D973EDC803C93048735 /* WorkgroupView.swift */; };
		3D3B241D2F33F3412C9A5438 /* MacShims.swift in Sources */ = {isa = PBXBuildFile; fileRef = E388A9346C1A08CC582B1385 /* MacShims.swift */; };
		3D71A7C937B35FA638539B0B /* MailComposeView.swift in Sources */ = {isa = PBXBuildFile; fileRef = 798B48FD1DB7BE770F0C9FE4 /* MailComposeView.swift */; };
		3DAD6A8F8E7E0D9E7CDD90D1 /* WhisperKit in Frameworks */ = {isa = PBXBuildFile; productRef = E3E1F2C0ADCD14F9D2393755 /* WhisperKit */; };
		3F06C00C36D03C6E93463106 /* CompanionPushRelay.swift in Sources */ = {isa = PBXBuildFile; fileRef = 465641AD107D063E7DD2A1C5 /* CompanionPushRelay.swift */; };
		3FED6D999B5E12119428D9D1 /* UpgradeRequiredView.swift in Sources */ = {isa = PBXBuildFile; fileRef = 7E032AB4B164634905B48697 /* UpgradeRequiredView.swift */; };
		461469648CC3E9213136AAD9 /* AIExplanationResponse.swift in Sources */ = {isa = PBXBuildFile; fileRef = D93134C0A08E84BDB95861B8 /* AIExplanationResponse.swift */; };
		48B44593508149D5D655C1DE /* MacTypeShadows.swift in Sources */ = {isa = PBXBuildFile; fileRef = 2ADBF604814A5CBED79B600C /* MacTypeShadows.swift */; };
		491AC0533D5590064E7D128A /* CompanionSession.swift in Sources */ = {isa = PBXBuildFile; fileRef = 42ECCE549BC946C0443BA106 /* CompanionSession.swift */; };
		4C1A6A3E94F16DF690886366 /* AIReasoningTypes.swift in Sources */ = {isa = PBXBuildFile; fileRef = B46ADB98E9027B7F88123F82 /* AIReasoningTypes.swift */; };
		4DDAA65A7C58466BD16987AA /* NSDictionaryCodableBox.swift in Sources */ = {isa = PBXBuildFile; fileRef = E5781E96CAC04116A07415C7 /* NSDictionaryCodableBox.swift */; };
		5192743F4A4C787FF77D38A8 /* CompanionMessages.swift in Sources */ = {isa = PBXBuildFile; fileRef = 8352A86C7CEC1F3B06ED35B4 /* CompanionMessages.swift */; };
		54F5D986EBF8A12BFD55DBFE /* CompanionHEVCSampleBuilder.swift in Sources */ = {isa = PBXBuildFile; fileRef = 551830A40102EA036643794D /* CompanionHEVCSampleBuilder.swift */; };
		5C8908D283572E2C9B8A87C8 /* CreateView.swift in Sources */ = {isa = PBXBuildFile; fileRef = 1F99F81A57FAD5CB7160828D /* CreateView.swift */; };
		6EFA1C777BF8F89B1ADAD336 /* AppModel.swift in Sources */ = {isa = PBXBuildFile; fileRef = D8D3FEA6984796DC4CD99692 /* AppModel.swift */; };
		72D53542FEFF31531976B66D /* CompanionClient.swift in Sources */ = {isa = PBXBuildFile; fileRef = 85665D0E72B401EE56BAFF45 /* CompanionClient.swift */; };
		73E61C64578BE54180942C4E /* CompanionHEVCFraming.swift in Sources */ = {isa = PBXBuildFile; fileRef = F163F73401D3427659D549FA /* CompanionHEVCFraming.swift */; };
		7B624200888E205C4A51E37E /* CompanionNoise in Frameworks */ = {isa = PBXBuildFile; productRef = 142EA5B59C3ABC475159B7C4 /* CompanionNoise */; };
		7DD44318B35BC2C0A110C3D2 /* MessageBubbleView.swift in Sources */ = {isa = PBXBuildFile; fileRef = F8FA2D649F5A4E95296B9158 /* MessageBubbleView.swift */; };
		86F3DB672FE3CEEDA09AF5C3 /* Foundation.framework in Frameworks */ = {isa = PBXBuildFile; fileRef = E24A92F9477597959F9353E0 /* Foundation.framework */; };
		899BA5A9CE049957894AB94C /* Assets.xcassets in Resources */ = {isa = PBXBuildFile; fileRef = 3B43AD250E788FB7B7F9B6C1 /* Assets.xcassets */; };
		8E8B430A5226B5953DB08846 /* CompanionTransport in Frameworks */ = {isa = PBXBuildFile; productRef = 9068012419B4B4FD8700E194 /* CompanionTransport */; };
		8F4CF0BDEC2C0B80A2D81179 /* CompanionTransport in Frameworks */ = {isa = PBXBuildFile; productRef = B6B192F7AC1A41A20B972238 /* CompanionTransport */; };
		907D788ED30FB455F04CF597 /* LaunchView.swift in Sources */ = {isa = PBXBuildFile; fileRef = B3A63C83AA13E583E9BE1A3D /* LaunchView.swift */; };
		A28F8FAE03C27CC1088475B8 /* WorkgroupWatcher.swift in Sources */ = {isa = PBXBuildFile; fileRef = 969B8C22B79D7C1929B7DE1A /* WorkgroupWatcher.swift */; };
		A6F733B22FE4F475008441ED /* PushService.appex in Embed Foundation Extensions */ = {isa = PBXBuildFile; fileRef = A6F733AB2FE4F475008441ED /* PushService.appex */; settings = {ATTRIBUTES = (RemoveHeadersOnCopy, ); }; };
		AEA57C95A686D516F061CCEE /* QRScannerView.swift in Sources */ = {isa = PBXBuildFile; fileRef = E2F0367E6521567120B3BF05 /* QRScannerView.swift */; };
		B670983AE703D700B6537995 /* CompanionHistoryWindow.swift in Sources */ = {isa = PBXBuildFile; fileRef = 9D1A918875A1CCD767F47E46 /* CompanionHistoryWindow.swift */; };
		BCAC32E11E927DCC5E74A28A /* RemoteCommand.swift in Sources */ = {isa = PBXBuildFile; fileRef = A2C97B70ADFB001DAAE37592 /* RemoteCommand.swift */; };
		C16ABF5366C765E01C3BB489 /* HomeView.swift in Sources */ = {isa = PBXBuildFile; fileRef = A036182D7E7035DE88387064 /* HomeView.swift */; };
		C7D3F3517CFFB87B506EF97F /* ScanningView.swift in Sources */ = {isa = PBXBuildFile; fileRef = A7ACD526299252E0732D1779 /* ScanningView.swift */; };
		C826C79492C85A93C13041FE /* iTermAIError.swift in Sources */ = {isa = PBXBuildFile; fileRef = 14214B79F0DA71F29E86B0E9 /* iTermAIError.swift */; };
		C8915B9294C754AD253BBAEC /* CompanionFileLog.swift in Sources */ = {isa = PBXBuildFile; fileRef = C4678F772D92B8DEB080E170 /* CompanionFileLog.swift */; };
		CAFDCABF0075749F7123C43E /* MentionParser.swift in Sources */ = {isa = PBXBuildFile; fileRef = E3A2BCDE5F5ACE080E518CA8 /* MentionParser.swift */; };
		CCF7D1325262B36FB6ABECF4 /* TerminalCommand.swift in Sources */ = {isa = PBXBuildFile; fileRef = A3B14CF98655654318C06432 /* TerminalCommand.swift */; };
		CE804EE0A429CC74AF93DF1A /* SessionView.swift in Sources */ = {isa = PBXBuildFile; fileRef = ADE240F5507B1D96C3F2E615 /* SessionView.swift */; };
		D12A7AC7EF1CA4DF1A1D8AA0 /* CompanionNoise in Frameworks */ = {isa = PBXBuildFile; productRef = B0BD45E7D04C87E3457C4170 /* CompanionNoise */; };
		E22582FD78F87B2D90E9A085 /* ConversationView.swift in Sources */ = {isa = PBXBuildFile; fileRef = 8635EAF6BB0BB03744749618 /* ConversationView.swift */; };
		E25E29DE7399CB4A51DEEC53 /* iTerm2CompanionApp.swift in Sources */ = {isa = PBXBuildFile; fileRef = 9A766B60CE969D9AA49989C8 /* iTerm2CompanionApp.swift */; };
		E3448BD2085333CF3FB9271C /* LLM.swift in Sources */ = {isa = PBXBuildFile; fileRef = 6B1A92D2DA0130234E239854 /* LLM.swift */; };
		E50622A75854427AE9D959AE /* Chat.swift in Sources */ = {isa = PBXBuildFile; fileRef = 6A2D82EC77649D6E8EDC19C3 /* Chat.swift */; };
		EF59BE296CCAFFFEA5834B79 /* MentionComposerView.swift in Sources */ = {isa = PBXBuildFile; fileRef = 42A05BF5FFBB99F8D48F8F63 /* MentionComposerView.swift */; };
		F16572D5A347A1D8D093A085 /* JSONValue.swift in Sources */ = {isa = PBXBuildFile; fileRef = CF709FF4160D9B396A413048 /* JSONValue.swift */; };
		F40D832BDCE75E8A74EDAE72 /* Result+iTerm.swift in Sources */ = {isa = PBXBuildFile; fileRef = 899C05355E61EEF37D8C265F /* Result+iTerm.swift */; };
		F6C5587117251D6D1B9E4C6A /* WhisperModelManager.swift in Sources */ = {isa = PBXBuildFile; fileRef = 3C180C99242A0356C8E0D404 /* WhisperModelManager.swift */; };
		F840E446186274A715C2BC98 /* PhoneIdentity.swift in Sources */ = {isa = PBXBuildFile; fileRef = 3F4C078E19397FAC1112AAA7 /* PhoneIdentity.swift */; };
		F9DD768544783E3F190AE0F2 /* CompanionTouchMapper.swift in Sources */ = {isa = PBXBuildFile; fileRef = 8CCE31EAF88D6FAF54E12B52 /* CompanionTouchMapper.swift */; };
		FA3DC7672264574260BD246F /* CompanionVideoView.swift in Sources */ = {isa = PBXBuildFile; fileRef = 698CE0B1D8A47BB2E6D41FA0 /* CompanionVideoView.swift */; };
		FF78DC091BDC5967B175AE88 /* CompanionProtocol in Frameworks */ = {isa = PBXBuildFile; productRef = 484C4315A31AC3A318C0B784 /* CompanionProtocol */; };
/* End PBXBuildFile section */

/* Begin PBXContainerItemProxy section */
		A6F733B02FE4F475008441ED /* PBXContainerItemProxy */ = {
			isa = PBXContainerItemProxy;
			containerPortal = EDB0CCD0EADC0F6220647478 /* Project object */;
			proxyType = 1;
			remoteGlobalIDString = A6F733AA2FE4F475008441ED;
			remoteInfo = PushService;
		};
/* End PBXContainerItemProxy section */

/* Begin PBXCopyFilesBuildPhase section */
		A6F733B32FE4F475008441ED /* Embed Foundation Extensions */ = {
			isa = PBXCopyFilesBuildPhase;
			buildActionMask = 2147483647;
			dstPath = "";
			dstSubfolderSpec = 13;
			files = (
				A6F733B22FE4F475008441ED /* PushService.appex in Embed Foundation Extensions */,
			);
			name = "Embed Foundation Extensions";
			runOnlyForDeploymentPostprocessing = 0;
		};
/* End PBXCopyFilesBuildPhase section */

/* Begin PBXFileReference section */
		0F47305487EBECCCC106B8E5 /* Message.swift */ = {isa = PBXFileReference; includeInIndex = 1; lastKnownFileType = sourcecode.swift; name = Message.swift; path = sources/AITerm/Message.swift; sourceTree = "<group>"; };
		10114730702BBA43426D5E85 /* SettingsView.swift */ = {isa = PBXFileReference; includeInIndex = 1; lastKnownFileType = sourcecode.swift; path = SettingsView.swift; sourceTree = "<group>"; };
		14214B79F0DA71F29E86B0E9 /* iTermAIError.swift */ = {isa = PBXFileReference; includeInIndex = 1; lastKnownFileType = sourcecode.swift; name = iTermAIError.swift; path = sources/AITerm/iTermAIError.swift; sourceTree = "<group>"; };
		1A7AAC6F6EA0B7C8BC0DFDDA /* PrimaryButtonLabel.swift */ = {isa = PBXFileReference; includeInIndex = 1; lastKnownFileType = sourcecode.swift; path = PrimaryButtonLabel.swift; sourceTree = "<group>"; };
		1F99F81A57FAD5CB7160828D /* CreateView.swift */ = {isa = PBXFileReference; includeInIndex = 1; lastKnownFileType = sourcecode.swift; path = CreateView.swift; sourceTree = "<group>"; };
		24218D973EDC803C93048735 /* WorkgroupView.swift */ = {isa = PBXFileReference; includeInIndex = 1; lastKnownFileType = sourcecode.swift; path = WorkgroupView.swift; sourceTree = "<group>"; };
		2ADBF604814A5CBED79B600C /* MacTypeShadows.swift */ = {isa = PBXFileReference; includeInIndex = 1; lastKnownFileType = sourcecode.swift; path = MacTypeShadows.swift; sourceTree = "<group>"; };
		3132DD84BB25513820D33A3C /* SessionTreeList.swift */ = {isa = PBXFileReference; includeInIndex = 1; lastKnownFileType = sourcecode.swift; path = SessionTreeList.swift; sourceTree = "<group>"; };
		3541E5F2F774361A77015778 /* PairingView.swift */ = {isa = PBXFileReference; includeInIndex = 1; lastKnownFileType = sourcecode.swift; path = PairingView.swift; sourceTree = "<group>"; };
		39AEE4EAA532978B0EDD7930 /* iTerm2Companion.app */ = {isa = PBXFileReference; explicitFileType = wrapper.application; includeInIndex = 0; path = iTerm2Companion.app; sourceTree = BUILT_PRODUCTS_DIR; };
		3AED2D9CBC65681E48B458F7 /* AIExplanationRequest.swift */ = {isa = PBXFileReference; includeInIndex = 1; lastKnownFileType = sourcecode.swift; name = AIExplanationRequest.swift; path = sources/AITerm/AIExplanationRequest.swift; sourceTree = "<group>"; };
		3B43AD250E788FB7B7F9B6C1 /* Assets.xcassets */ = {isa = PBXFileReference; includeInIndex = 1; lastKnownFileType = folder.assetcatalog; name = Assets.xcassets; path = Resources/Assets.xcassets; sourceTree = "<group>"; };
		3C180C99242A0356C8E0D404 /* WhisperModelManager.swift */ = {isa = PBXFileReference; includeInIndex = 1; lastKnownFileType = sourcecode.swift; path = WhisperModelManager.swift; sourceTree = "<group>"; };
		3F4C078E19397FAC1112AAA7 /* PhoneIdentity.swift */ = {isa = PBXFileReference; includeInIndex = 1; lastKnownFileType = sourcecode.swift; path = PhoneIdentity.swift; sourceTree = "<group>"; };
		42A05BF5FFBB99F8D48F8F63 /* MentionComposerView.swift */ = {isa = PBXFileReference; includeInIndex = 1; lastKnownFileType = sourcecode.swift; path = MentionComposerView.swift; sourceTree = "<group>"; };
		42ECCE549BC946C0443BA106 /* CompanionSession.swift */ = {isa = PBXFileReference; includeInIndex = 1; lastKnownFileType = sourcecode.swift; name = CompanionSession.swift; path = sources/Companion/Shared/CompanionSession.swift; sourceTree = "<group>"; };
		465641AD107D063E7DD2A1C5 /* CompanionPushRelay.swift */ = {isa = PBXFileReference; includeInIndex = 1; lastKnownFileType = sourcecode.swift; name = CompanionPushRelay.swift; path = sources/Companion/Shared/CompanionPushRelay.swift; sourceTree = "<group>"; };
		508E2211C4ADF7AB23B5CF3F /* CompanionMediaFrame.swift */ = {isa = PBXFileReference; includeInIndex = 1; lastKnownFileType = sourcecode.swift; name = CompanionMediaFrame.swift; path = sources/Companion/Shared/CompanionMediaFrame.swift; sourceTree = "<group>"; };
		551830A40102EA036643794D /* CompanionHEVCSampleBuilder.swift */ = {isa = PBXFileReference; includeInIndex = 1; lastKnownFileType = sourcecode.swift; name = CompanionHEVCSampleBuilder.swift; path = sources/Companion/Shared/CompanionHEVCSampleBuilder.swift; sourceTree = "<group>"; };
		698CE0B1D8A47BB2E6D41FA0 /* CompanionVideoView.swift */ = {isa = PBXFileReference; includeInIndex = 1; lastKnownFileType = sourcecode.swift; path = CompanionVideoView.swift; sourceTree = "<group>"; };
		6A2D82EC77649D6E8EDC19C3 /* Chat.swift */ = {isa = PBXFileReference; includeInIndex = 1; lastKnownFileType = sourcecode.swift; name = Chat.swift; path = sources/AITerm/Chat.swift; sourceTree = "<group>"; };
		6B1A92D2DA0130234E239854 /* LLM.swift */ = {isa = PBXFileReference; includeInIndex = 1; lastKnownFileType = sourcecode.swift; name = LLM.swift; path = sources/AITerm/LLM.swift; sourceTree = "<group>"; };
		6B45585DFAFCF303451219BB /* CompanionFrameChannel.swift */ = {isa = PBXFileReference; includeInIndex = 1; lastKnownFileType = sourcecode.swift; name = CompanionFrameChannel.swift; path = sources/Companion/Shared/CompanionFrameChannel.swift; sourceTree = "<group>"; };
		7836C53444CAE5CDF235737E /* AppIcon.icon */ = {isa = PBXFileReference; includeInIndex = 1; lastKnownFileType = folder.iconcomposer.icon; name = AppIcon.icon; path = Resources/AppIcon.icon; sourceTree = "<group>"; };
		798B48FD1DB7BE770F0C9FE4 /* MailComposeView.swift */ = {isa = PBXFileReference; includeInIndex = 1; lastKnownFileType = sourcecode.swift; path = MailComposeView.swift; sourceTree = "<group>"; };
		7E032AB4B164634905B48697 /* UpgradeRequiredView.swift */ = {isa = PBXFileReference; includeInIndex = 1; lastKnownFileType = sourcecode.swift; path = UpgradeRequiredView.swift; sourceTree = "<group>"; };
		8352A86C7CEC1F3B06ED35B4 /* CompanionMessages.swift */ = {isa = PBXFileReference; includeInIndex = 1; lastKnownFileType = sourcecode.swift; name = CompanionMessages.swift; path = sources/Companion/Shared/CompanionMessages.swift; sourceTree = "<group>"; };
		85665D0E72B401EE56BAFF45 /* CompanionClient.swift */ = {isa = PBXFileReference; includeInIndex = 1; lastKnownFileType = sourcecode.swift; path = CompanionClient.swift; sourceTree = "<group>"; };
		8635EAF6BB0BB03744749618 /* ConversationView.swift */ = {isa = PBXFileReference; includeInIndex = 1; lastKnownFileType = sourcecode.swift; path = ConversationView.swift; sourceTree = "<group>"; };
		899C05355E61EEF37D8C265F /* Result+iTerm.swift */ = {isa = PBXFileReference; includeInIndex = 1; lastKnownFileType = sourcecode.swift; name = "Result+iTerm.swift"; path = "sources/Categories/Result+iTerm.swift"; sourceTree = "<group>"; };
		8CCE31EAF88D6FAF54E12B52 /* CompanionTouchMapper.swift */ = {isa = PBXFileReference; includeInIndex = 1; lastKnownFileType = sourcecode.swift; name = CompanionTouchMapper.swift; path = sources/Companion/Shared/CompanionTouchMapper.swift; sourceTree = "<group>"; };
		969B8C22B79D7C1929B7DE1A /* WorkgroupWatcher.swift */ = {isa = PBXFileReference; includeInIndex = 1; lastKnownFileType = sourcecode.swift; name = WorkgroupWatcher.swift; path = sources/ClaudeCode/Orchestration/WorkgroupWatcher.swift; sourceTree = "<group>"; };
		9845DDD46D6AA61085BA448F /* VoiceCaptureController.swift */ = {isa = PBXFileReference; includeInIndex = 1; lastKnownFileType = sourcecode.swift; path = VoiceCaptureController.swift; sourceTree = "<group>"; };
		9A766B60CE969D9AA49989C8 /* iTerm2CompanionApp.swift */ = {isa = PBXFileReference; includeInIndex = 1; lastKnownFileType = sourcecode.swift; path = iTerm2CompanionApp.swift; sourceTree = "<group>"; };
		9D1A918875A1CCD767F47E46 /* CompanionHistoryWindow.swift */ = {isa = PBXFileReference; includeInIndex = 1; lastKnownFileType = sourcecode.swift; name = CompanionHistoryWindow.swift; path = sources/Companion/Shared/CompanionHistoryWindow.swift; sourceTree = "<group>"; };
		A036182D7E7035DE88387064 /* HomeView.swift */ = {isa = PBXFileReference; includeInIndex = 1; lastKnownFileType = sourcecode.swift; path = HomeView.swift; sourceTree = "<group>"; };
		A2C97B70ADFB001DAAE37592 /* RemoteCommand.swift */ = {isa = PBXFileReference; includeInIndex = 1; lastKnownFileType = sourcecode.swift; name = RemoteCommand.swift; path = sources/AITerm/RemoteCommand.swift; sourceTree = "<group>"; };
		A3B14CF98655654318C06432 /* TerminalCommand.swift */ = {isa = PBXFileReference; includeInIndex = 1; lastKnownFileType = sourcecode.swift; name = TerminalCommand.swift; path = sources/AITerm/TerminalCommand.swift; sourceTree = "<group>"; };
		A6F733AB2FE4F475008441ED /* PushService.appex */ = {isa = PBXFileReference; explicitFileType = "wrapper.app-extension"; includeInIndex = 0; path = PushService.appex; sourceTree = BUILT_PRODUCTS_DIR; };
		A7ACD526299252E0732D1779 /* ScanningView.swift */ = {isa = PBXFileReference; includeInIndex = 1; lastKnownFileType = sourcecode.swift; path = ScanningView.swift; sourceTree = "<group>"; };
		ADE240F5507B1D96C3F2E615 /* SessionView.swift */ = {isa = PBXFileReference; includeInIndex = 1; lastKnownFileType = sourcecode.swift; path = SessionView.swift; sourceTree = "<group>"; };
		B3A63C83AA13E583E9BE1A3D /* LaunchView.swift */ = {isa = PBXFileReference; includeInIndex = 1; lastKnownFileType = sourcecode.swift; path = LaunchView.swift; sourceTree = "<group>"; };
		B46ADB98E9027B7F88123F82 /* AIReasoningTypes.swift */ = {isa = PBXFileReference; includeInIndex = 1; lastKnownFileType = sourcecode.swift; name = AIReasoningTypes.swift; path = sources/AITerm/AIReasoningTypes.swift; sourceTree = "<group>"; };
		C4678F772D92B8DEB080E170 /* CompanionFileLog.swift */ = {isa = PBXFileReference; includeInIndex = 1; lastKnownFileType = sourcecode.swift; path = CompanionFileLog.swift; sourceTree = "<group>"; };
		CF709FF4160D9B396A413048 /* JSONValue.swift */ = {isa = PBXFileReference; includeInIndex = 1; lastKnownFileType = sourcecode.swift; path = JSONValue.swift; sourceTree = "<group>"; };
		D8D3FEA6984796DC4CD99692 /* AppModel.swift */ = {isa = PBXFileReference; includeInIndex = 1; lastKnownFileType = sourcecode.swift; path = AppModel.swift; sourceTree = "<group>"; };
		D93134C0A08E84BDB95861B8 /* AIExplanationResponse.swift */ = {isa = PBXFileReference; includeInIndex = 1; lastKnownFileType = sourcecode.swift; name = AIExplanationResponse.swift; path = sources/AITerm/AIExplanationResponse.swift; sourceTree = "<group>"; };
		E24A92F9477597959F9353E0 /* Foundation.framework */ = {isa = PBXFileReference; lastKnownFileType = wrapper.framework; name = Foundation.framework; path = Platforms/iPhoneOS.platform/Developer/SDKs/iPhoneOS18.0.sdk/System/Library/Frameworks/Foundation.framework; sourceTree = DEVELOPER_DIR; };
		E2F0367E6521567120B3BF05 /* QRScannerView.swift */ = {isa = PBXFileReference; includeInIndex = 1; lastKnownFileType = sourcecode.swift; path = QRScannerView.swift; sourceTree = "<group>"; };
		E388A9346C1A08CC582B1385 /* MacShims.swift */ = {isa = PBXFileReference; includeInIndex = 1; lastKnownFileType = sourcecode.swift; path = MacShims.swift; sourceTree = "<group>"; };
		E3A21C6D0017626533817E5E /* SessionBrowserView.swift */ = {isa = PBXFileReference; includeInIndex = 1; lastKnownFileType = sourcecode.swift; path = SessionBrowserView.swift; sourceTree = "<group>"; };
		E3A2BCDE5F5ACE080E518CA8 /* MentionParser.swift */ = {isa = PBXFileReference; includeInIndex = 1; lastKnownFileType = sourcecode.swift; name = MentionParser.swift; path = sources/ClaudeCode/Orchestration/MentionParser.swift; sourceTree = "<group>"; };
		E5781E96CAC04116A07415C7 /* NSDictionaryCodableBox.swift */ = {isa = PBXFileReference; includeInIndex = 1; lastKnownFileType = sourcecode.swift; name = NSDictionaryCodableBox.swift; path = sources/Categories/NSDictionaryCodableBox.swift; sourceTree = "<group>"; };
		F163F73401D3427659D549FA /* CompanionHEVCFraming.swift */ = {isa = PBXFileReference; includeInIndex = 1; lastKnownFileType = sourcecode.swift; name = CompanionHEVCFraming.swift; path = sources/Companion/Shared/CompanionHEVCFraming.swift; sourceTree = "<group>"; };
		F8FA2D649F5A4E95296B9158 /* MessageBubbleView.swift */ = {isa = PBXFileReference; includeInIndex = 1; lastKnownFileType = sourcecode.swift; path = MessageBubbleView.swift; sourceTree = "<group>"; };
/* End PBXFileReference section */

/* Begin PBXFileSystemSynchronizedBuildFileExceptionSet section */
		A6F733B62FE4F475008441ED /* Exceptions for "PushService" folder in "PushService" target */ = {
			isa = PBXFileSystemSynchronizedBuildFileExceptionSet;
			membershipExceptions = (
				Info.plist,
			);
			target = A6F733AA2FE4F475008441ED /* PushService */;
		};
/* End PBXFileSystemSynchronizedBuildFileExceptionSet section */

/* Begin PBXFileSystemSynchronizedRootGroup section */
		A6F733AC2FE4F475008441ED /* PushService */ = {
			isa = PBXFileSystemSynchronizedRootGroup;
			exceptions = (
				A6F733B62FE4F475008441ED /* Exceptions for "PushService" folder in "PushService" target */,
			);
			explicitFileTypes = {
			};
			explicitFolders = (
			);
			path = PushService;
			sourceTree = "<group>";
		};
/* End PBXFileSystemSynchronizedRootGroup section */

/* Begin PBXFrameworksBuildPhase section */
		10825A2F66B02D81A7C15931 /* Frameworks */ = {
			isa = PBXFrameworksBuildPhase;
			buildActionMask = 2147483647;
			files = (
				86F3DB672FE3CEEDA09AF5C3 /* Foundation.framework in Frameworks */,
				FF78DC091BDC5967B175AE88 /* CompanionProtocol in Frameworks */,
				D12A7AC7EF1CA4DF1A1D8AA0 /* CompanionNoise in Frameworks */,
				8F4CF0BDEC2C0B80A2D81179 /* CompanionTransport in Frameworks */,
				3DAD6A8F8E7E0D9E7CDD90D1 /* WhisperKit in Frameworks */,
			);
			runOnlyForDeploymentPostprocessing = 0;
		};
		A6F733A82FE4F475008441ED /* Frameworks */ = {
			isa = PBXFrameworksBuildPhase;
			buildActionMask = 2147483647;
			files = (
				2F3A12CEFA3EC840258F8A8C /* CompanionProtocol in Frameworks */,
				7B624200888E205C4A51E37E /* CompanionNoise in Frameworks */,
				8E8B430A5226B5953DB08846 /* CompanionTransport in Frameworks */,
			);
			runOnlyForDeploymentPostprocessing = 0;
		};
/* End PBXFrameworksBuildPhase section */

/* Begin PBXGroup section */
		0FD285AA1E5903822FC8EC68 /* Screens */ = {
			isa = PBXGroup;
			children = (
				8635EAF6BB0BB03744749618 /* ConversationView.swift */,
				1F99F81A57FAD5CB7160828D /* CreateView.swift */,
				A036182D7E7035DE88387064 /* HomeView.swift */,
				B3A63C83AA13E583E9BE1A3D /* LaunchView.swift */,
				3541E5F2F774361A77015778 /* PairingView.swift */,
				E2F0367E6521567120B3BF05 /* QRScannerView.swift */,
				A7ACD526299252E0732D1779 /* ScanningView.swift */,
				E3A21C6D0017626533817E5E /* SessionBrowserView.swift */,
				ADE240F5507B1D96C3F2E615 /* SessionView.swift */,
				10114730702BBA43426D5E85 /* SettingsView.swift */,
				24218D973EDC803C93048735 /* WorkgroupView.swift */,
				798B48FD1DB7BE770F0C9FE4 /* MailComposeView.swift */,
				7E032AB4B164634905B48697 /* UpgradeRequiredView.swift */,
				698CE0B1D8A47BB2E6D41FA0 /* CompanionVideoView.swift */,
			);
			path = Screens;
			sourceTree = "<group>";
		};
		1C7EAC61CE1BD48284FCD551 /* Products */ = {
			isa = PBXGroup;
			children = (
				39AEE4EAA532978B0EDD7930 /* iTerm2Companion.app */,
				A6F733AB2FE4F475008441ED /* PushService.appex */,
			);
			name = Products;
			sourceTree = "<group>";
		};
		1CF2BF19CBA245673AC39B9B /* App */ = {
			isa = PBXGroup;
			children = (
				D8D3FEA6984796DC4CD99692 /* AppModel.swift */,
				9A766B60CE969D9AA49989C8 /* iTerm2CompanionApp.swift */,
				C4678F772D92B8DEB080E170 /* CompanionFileLog.swift */,
				3C180C99242A0356C8E0D404 /* WhisperModelManager.swift */,
				9845DDD46D6AA61085BA448F /* VoiceCaptureController.swift */,
			);
			path = App;
			sourceTree = "<group>";
		};
		47265DB3FD1A056B1A2D333A /* iTerm2Companion */ = {
			isa = PBXGroup;
			children = (
				1CF2BF19CBA245673AC39B9B /* App */,
				5D6999E2EBB700BD250EE94B /* Connection */,
				57440D7D19514F64F0DFBC3A /* Satellites */,
				0FD285AA1E5903822FC8EC68 /* Screens */,
				E5EF38DB2511648A3FD5886E /* Views */,
				3B43AD250E788FB7B7F9B6C1 /* Assets.xcassets */,
				7836C53444CAE5CDF235737E /* AppIcon.icon */,
			);
			path = iTerm2Companion;
			sourceTree = "<group>";
		};
		57440D7D19514F64F0DFBC3A /* Satellites */ = {
			isa = PBXGroup;
			children = (
				CF709FF4160D9B396A413048 /* JSONValue.swift */,
				E388A9346C1A08CC582B1385 /* MacShims.swift */,
				2ADBF604814A5CBED79B600C /* MacTypeShadows.swift */,
			);
			path = Satellites;
			sourceTree = "<group>";
		};
		5D6999E2EBB700BD250EE94B /* Connection */ = {
			isa = PBXGroup;
			children = (
				85665D0E72B401EE56BAFF45 /* CompanionClient.swift */,
				3F4C078E19397FAC1112AAA7 /* PhoneIdentity.swift */,
			);
			path = Connection;
			sourceTree = "<group>";
		};
		61BA42B73669ECE112697985 = {
			isa = PBXGroup;
			children = (
				A6F733AC2FE4F475008441ED /* PushService */,
				1C7EAC61CE1BD48284FCD551 /* Products */,
				9DED3F6E4CB65E1FA84E0E6A /* Frameworks */,
				47265DB3FD1A056B1A2D333A /* iTerm2Companion */,
				A43963AF52547D09A4E8E0C6 /* SharedFromMac */,
			);
			sourceTree = "<group>";
		};
		9DED3F6E4CB65E1FA84E0E6A /* Frameworks */ = {
			isa = PBXGroup;
			children = (
				F3257DACB75EA7596F30FB08 /* iOS */,
			);
			name = Frameworks;
			sourceTree = "<group>";
		};
		A43963AF52547D09A4E8E0C6 /* SharedFromMac */ = {
			isa = PBXGroup;
			children = (
				0F47305487EBECCCC106B8E5 /* Message.swift */,
				6A2D82EC77649D6E8EDC19C3 /* Chat.swift */,
				A2C97B70ADFB001DAAE37592 /* RemoteCommand.swift */,
				6B1A92D2DA0130234E239854 /* LLM.swift */,
				3AED2D9CBC65681E48B458F7 /* AIExplanationRequest.swift */,
				D93134C0A08E84BDB95861B8 /* AIExplanationResponse.swift */,
				14214B79F0DA71F29E86B0E9 /* iTermAIError.swift */,
				A3B14CF98655654318C06432 /* TerminalCommand.swift */,
				899C05355E61EEF37D8C265F /* Result+iTerm.swift */,
				E5781E96CAC04116A07415C7 /* NSDictionaryCodableBox.swift */,
				E3A2BCDE5F5ACE080E518CA8 /* MentionParser.swift */,
				969B8C22B79D7C1929B7DE1A /* WorkgroupWatcher.swift */,
				8352A86C7CEC1F3B06ED35B4 /* CompanionMessages.swift */,
				465641AD107D063E7DD2A1C5 /* CompanionPushRelay.swift */,
				42ECCE549BC946C0443BA106 /* CompanionSession.swift */,
				508E2211C4ADF7AB23B5CF3F /* CompanionMediaFrame.swift */,
				6B45585DFAFCF303451219BB /* CompanionFrameChannel.swift */,
				F163F73401D3427659D549FA /* CompanionHEVCFraming.swift */,
				551830A40102EA036643794D /* CompanionHEVCSampleBuilder.swift */,
				8CCE31EAF88D6FAF54E12B52 /* CompanionTouchMapper.swift */,
				9D1A918875A1CCD767F47E46 /* CompanionHistoryWindow.swift */,
				B46ADB98E9027B7F88123F82 /* AIReasoningTypes.swift */,
			);
			name = SharedFromMac;
			path = ..;
			sourceTree = "<group>";
		};
		E5EF38DB2511648A3FD5886E /* Views */ = {
			isa = PBXGroup;
			children = (
				42A05BF5FFBB99F8D48F8F63 /* MentionComposerView.swift */,
				F8FA2D649F5A4E95296B9158 /* MessageBubbleView.swift */,
				1A7AAC6F6EA0B7C8BC0DFDDA /* PrimaryButtonLabel.swift */,
				3132DD84BB25513820D33A3C /* SessionTreeList.swift */,
			);
			path = Views;
			sourceTree = "<group>";
		};
		F3257DACB75EA7596F30FB08 /* iOS */ = {
			isa = PBXGroup;
			children = (
				E24A92F9477597959F9353E0 /* Foundation.framework */,
			);
			name = iOS;
			sourceTree = "<group>";
		};
/* End PBXGroup section */

/* Begin PBXNativeTarget section */
		A6F733AA2FE4F475008441ED /* PushService */ = {
			isa = PBXNativeTarget;
			buildConfigurationList = A6F733B72FE4F475008441ED /* Build configuration list for PBXNativeTarget "PushService" */;
			buildPhases = (
				A6F733A72FE4F475008441ED /* Sources */,
				A6F733A82FE4F475008441ED /* Frameworks */,
				A6F733A92FE4F475008441ED /* Resources */,
			);
			buildRules = (
			);
			dependencies = (
			);
			fileSystemSynchronizedGroups = (
				A6F733AC2FE4F475008441ED /* PushService */,
			);
			name = PushService;
			packageProductDependencies = (
				1AEB85FB2914F4CB3224B70A /* CompanionProtocol */,
				142EA5B59C3ABC475159B7C4 /* CompanionNoise */,
				9068012419B4B4FD8700E194 /* CompanionTransport */,
			);
			productName = PushService;
			productReference = A6F733AB2FE4F475008441ED /* PushService.appex */;
			productType = "com.apple.product-type.app-extension";
		};
		E18844FA8ED9BC3AC47688A4 /* iTerm2Companion */ = {
			isa = PBXNativeTarget;
			buildConfigurationList = 58EC91D7A1092C7371E60EA1 /* Build configuration list for PBXNativeTarget "iTerm2Companion" */;
			buildPhases = (
				5077D1BE07E25E0E33372F66 /* Sources */,
				10825A2F66B02D81A7C15931 /* Frameworks */,
				92E01FD172A55F58878C6483 /* Resources */,
				A6F733B32FE4F475008441ED /* Embed Foundation Extensions */,
			);
			buildRules = (
			);
			dependencies = (
				A6F733B12FE4F475008441ED /* PBXTargetDependency */,
			);
			name = iTerm2Companion;
			packageProductDependencies = (
				484C4315A31AC3A318C0B784 /* CompanionProtocol */,
				B0BD45E7D04C87E3457C4170 /* CompanionNoise */,
				B6B192F7AC1A41A20B972238 /* CompanionTransport */,
				E3E1F2C0ADCD14F9D2393755 /* WhisperKit */,
			);
			productName = iTerm2Companion;
			productReference = 39AEE4EAA532978B0EDD7930 /* iTerm2Companion.app */;
			productType = "com.apple.product-type.application";
		};
/* End PBXNativeTarget section */

/* Begin PBXProject section */
		EDB0CCD0EADC0F6220647478 /* Project object */ = {
			isa = PBXProject;
			attributes = {
				LastSwiftUpdateCheck = 2650;
				LastUpgradeCheck = 1600;
				TargetAttributes = {
					A6F733AA2FE4F475008441ED = {
						CreatedOnToolsVersion = 26.5;
						LastSwiftMigration = 2650;
					};
				};
			};
			buildConfigurationList = C833A1A1E24B20F65A319982 /* Build configuration list for PBXProject "iTerm2Companion" */;
			compatibilityVersion = "Xcode 3.2";
			developmentRegion = en;
			hasScannedForEncodings = 0;
			knownRegions = (
				en,
				Base,
			);
			mainGroup = 61BA42B73669ECE112697985;
			packageReferences = (
				4246AC45F3F0AE05D62487DA /* XCLocalSwiftPackageReference "CompanionCore" */,
				BE69B8FFB370476F7A89C9E6 /* XCRemoteSwiftPackageReference "WhisperKit" */,
			);
			productRefGroup = 1C7EAC61CE1BD48284FCD551 /* Products */;
			projectDirPath = "";
			projectRoot = "";
			targets = (
				E18844FA8ED9BC3AC47688A4 /* iTerm2Companion */,
				A6F733AA2FE4F475008441ED /* PushService */,
			);
		};
/* End PBXProject section */

/* Begin PBXResourcesBuildPhase section */
		92E01FD172A55F58878C6483 /* Resources */ = {
			isa = PBXResourcesBuildPhase;
			buildActionMask = 2147483647;
			files = (
				899BA5A9CE049957894AB94C /* Assets.xcassets in Resources */,
				2B3EA67EF890DA8EBDA79B70 /* AppIcon.icon in Resources */,
			);
			runOnlyForDeploymentPostprocessing = 0;
		};
		A6F733A92FE4F475008441ED /* Resources */ = {
			isa = PBXResourcesBuildPhase;
			buildActionMask = 2147483647;
			files = (
			);
			runOnlyForDeploymentPostprocessing = 0;
		};
/* End PBXResourcesBuildPhase section */

/* Begin PBXSourcesBuildPhase section */
		5077D1BE07E25E0E33372F66 /* Sources */ = {
			isa = PBXSourcesBuildPhase;
			buildActionMask = 2147483647;
			files = (
				6EFA1C777BF8F89B1ADAD336 /* AppModel.swift in Sources */,
				E25E29DE7399CB4A51DEEC53 /* iTerm2CompanionApp.swift in Sources */,
				72D53542FEFF31531976B66D /* CompanionClient.swift in Sources */,
				F840E446186274A715C2BC98 /* PhoneIdentity.swift in Sources */,
				F16572D5A347A1D8D093A085 /* JSONValue.swift in Sources */,
				3D3B241D2F33F3412C9A5438 /* MacShims.swift in Sources */,
				48B44593508149D5D655C1DE /* MacTypeShadows.swift in Sources */,
				E22582FD78F87B2D90E9A085 /* ConversationView.swift in Sources */,
				5C8908D283572E2C9B8A87C8 /* CreateView.swift in Sources */,
				C16ABF5366C765E01C3BB489 /* HomeView.swift in Sources */,
				907D788ED30FB455F04CF597 /* LaunchView.swift in Sources */,
				2A7C547246D31037B9140DF9 /* PairingView.swift in Sources */,
				AEA57C95A686D516F061CCEE /* QRScannerView.swift in Sources */,
				C7D3F3517CFFB87B506EF97F /* ScanningView.swift in Sources */,
				1822ADF68D3A0178CE4CCA1F /* SessionBrowserView.swift in Sources */,
				CE804EE0A429CC74AF93DF1A /* SessionView.swift in Sources */,
				0FE3B2F4008CF7ACF6978145 /* SettingsView.swift in Sources */,
				39940659CD74D5AF58DF503C /* WorkgroupView.swift in Sources */,
				EF59BE296CCAFFFEA5834B79 /* MentionComposerView.swift in Sources */,
				7DD44318B35BC2C0A110C3D2 /* MessageBubbleView.swift in Sources */,
				34FAE09941A2FB2C050C7CFC /* PrimaryButtonLabel.swift in Sources */,
				2B4562DB8E2A411072237E9F /* Message.swift in Sources */,
				E50622A75854427AE9D959AE /* Chat.swift in Sources */,
				BCAC32E11E927DCC5E74A28A /* RemoteCommand.swift in Sources */,
				E3448BD2085333CF3FB9271C /* LLM.swift in Sources */,
				0C88E9AF756C21683FEB1BF6 /* AIExplanationRequest.swift in Sources */,
				461469648CC3E9213136AAD9 /* AIExplanationResponse.swift in Sources */,
				C826C79492C85A93C13041FE /* iTermAIError.swift in Sources */,
				CCF7D1325262B36FB6ABECF4 /* TerminalCommand.swift in Sources */,
				F40D832BDCE75E8A74EDAE72 /* Result+iTerm.swift in Sources */,
				4DDAA65A7C58466BD16987AA /* NSDictionaryCodableBox.swift in Sources */,
				CAFDCABF0075749F7123C43E /* MentionParser.swift in Sources */,
				A28F8FAE03C27CC1088475B8 /* WorkgroupWatcher.swift in Sources */,
				5192743F4A4C787FF77D38A8 /* CompanionMessages.swift in Sources */,
				3F06C00C36D03C6E93463106 /* CompanionPushRelay.swift in Sources */,
				491AC0533D5590064E7D128A /* CompanionSession.swift in Sources */,
				C8915B9294C754AD253BBAEC /* CompanionFileLog.swift in Sources */,
				3D71A7C937B35FA638539B0B /* MailComposeView.swift in Sources */,
				F6C5587117251D6D1B9E4C6A /* WhisperModelManager.swift in Sources */,
				1A4A5B9A5AFE0E89561BA7E4 /* VoiceCaptureController.swift in Sources */,
				3FED6D999B5E12119428D9D1 /* UpgradeRequiredView.swift in Sources */,
				361F37C77D701894FFE06B38 /* SessionTreeList.swift in Sources */,
				031D25E04F2526D1221E65C4 /* CompanionMediaFrame.swift in Sources */,
				28B9863A97376BF11F48358A /* CompanionFrameChannel.swift in Sources */,
				73E61C64578BE54180942C4E /* CompanionHEVCFraming.swift in Sources */,
				54F5D986EBF8A12BFD55DBFE /* CompanionHEVCSampleBuilder.swift in Sources */,
				FA3DC7672264574260BD246F /* CompanionVideoView.swift in Sources */,
				F9DD768544783E3F190AE0F2 /* CompanionTouchMapper.swift in Sources */,
				B670983AE703D700B6537995 /* CompanionHistoryWindow.swift in Sources */,
				4C1A6A3E94F16DF690886366 /* AIReasoningTypes.swift in Sources */,
			);
			runOnlyForDeploymentPostprocessing = 0;
		};
		A6F733A72FE4F475008441ED /* Sources */ = {
			isa = PBXSourcesBuildPhase;
			buildActionMask = 2147483647;
			files = (
			);
			runOnlyForDeploymentPostprocessing = 0;
		};
/* End PBXSourcesBuildPhase section */

/* Begin PBXTargetDependency section */
		A6F733B12FE4F475008441ED /* PBXTargetDependency */ = {
			isa = PBXTargetDependency;
			target = A6F733AA2FE4F475008441ED /* PushService */;
			targetProxy = A6F733B02FE4F475008441ED /* PBXContainerItemProxy */;
		};
/* End PBXTargetDependency section */

/* Begin XCBuildConfiguration section */
		1CBBFA75F79BF86E83088595 /* Debug */ = {
			isa = XCBuildConfiguration;
			buildSettings = {
				ALWAYS_SEARCH_USER_PATHS = NO;
				CLANG_ANALYZER_NONNULL = YES;
				CLANG_ANALYZER_NUMBER_OBJECT_CONVERSION = YES_AGGRESSIVE;
				CLANG_CXX_LANGUAGE_STANDARD = "gnu++14";
				CLANG_CXX_LIBRARY = "libc++";
				CLANG_ENABLE_MODULES = YES;
				CLANG_ENABLE_OBJC_ARC = YES;
				CLANG_ENABLE_OBJC_WEAK = YES;
				CLANG_WARN_BLOCK_CAPTURE_AUTORELEASING = YES;
				CLANG_WARN_BOOL_CONVERSION = YES;
				CLANG_WARN_COMMA = YES;
				CLANG_WARN_CONSTANT_CONVERSION = YES;
				CLANG_WARN_DEPRECATED_OBJC_IMPLEMENTATIONS = YES;
				CLANG_WARN_DIRECT_OBJC_ISA_USAGE = YES_ERROR;
				CLANG_WARN_DOCUMENTATION_COMMENTS = YES;
				CLANG_WARN_EMPTY_BODY = YES;
				CLANG_WARN_ENUM_CONVERSION = YES;
				CLANG_WARN_INFINITE_RECURSION = YES;
				CLANG_WARN_INT_CONVERSION = YES;
				CLANG_WARN_NON_LITERAL_NULL_CONVERSION = YES;
				CLANG_WARN_OBJC_IMPLICIT_RETAIN_SELF = YES;
				CLANG_WARN_OBJC_LITERAL_CONVERSION = YES;
				CLANG_WARN_OBJC_ROOT_CLASS = YES_ERROR;
				CLANG_WARN_QUOTED_INCLUDE_IN_FRAMEWORK_HEADER = YES;
				CLANG_WARN_RANGE_LOOP_ANALYSIS = YES;
				CLANG_WARN_STRICT_PROTOTYPES = YES;
				CLANG_WARN_SUSPICIOUS_MOVE = YES;
				CLANG_WARN_UNGUARDED_AVAILABILITY = YES_AGGRESSIVE;
				CLANG_WARN_UNREACHABLE_CODE = YES;
				CLANG_WARN__DUPLICATE_METHOD_MATCH = YES;
				COPY_PHASE_STRIP = NO;
				DEBUG_INFORMATION_FORMAT = dwarf;
				ENABLE_STRICT_OBJC_MSGSEND = YES;
				ENABLE_TESTABILITY = YES;
				GCC_C_LANGUAGE_STANDARD = gnu11;
				GCC_DYNAMIC_NO_PIC = NO;
				GCC_NO_COMMON_BLOCKS = YES;
				GCC_OPTIMIZATION_LEVEL = 0;
				GCC_PREPROCESSOR_DEFINITIONS = (
					"DEBUG=1",
					"$(inherited)",
				);
				GCC_WARN_64_TO_32_BIT_CONVERSION = YES;
				GCC_WARN_ABOUT_RETURN_TYPE = YES_ERROR;
				GCC_WARN_UNDECLARED_SELECTOR = YES;
				GCC_WARN_UNINITIALIZED_AUTOS = YES_AGGRESSIVE;
				GCC_WARN_UNUSED_FUNCTION = YES;
				GCC_WARN_UNUSED_VARIABLE = YES;
				MTL_ENABLE_DEBUG_INFO = INCLUDE_SOURCE;
				MTL_FAST_MATH = YES;
				ONLY_ACTIVE_ARCH = YES;
				PRODUCT_NAME = "$(TARGET_NAME)";
				SWIFT_ACTIVE_COMPILATION_CONDITIONS = DEBUG;
				SWIFT_OPTIMIZATION_LEVEL = "-Onone";
				SWIFT_VERSION = 5.0;
			};
			name = Debug;
		};
		20DA8F57D839A712E83DF030 /* Debug */ = {
			isa = XCBuildConfiguration;
			buildSettings = {
				ASSETCATALOG_COMPILER_APPICON_NAME = AppIcon;
				ASSETCATALOG_COMPILER_GLOBAL_ACCENT_COLOR_NAME = AccentColor;
				CLANG_ENABLE_OBJC_WEAK = NO;
				CODE_SIGN_ENTITLEMENTS = "iTerm2Companion/Resources/iTerm2Companion-Debug.entitlements";
				CODE_SIGN_STYLE = Automatic;
				CURRENT_PROJECT_VERSION = 4;
				DEVELOPMENT_TEAM = H7V7XYVQ7D;
				ENABLE_PREVIEWS = YES;
				GENERATE_INFOPLIST_FILE = NO;
				INFOPLIST_FILE = iTerm2Companion/Resources/Info.plist;
				IPHONEOS_DEPLOYMENT_TARGET = 26.0;
				LD_RUNPATH_SEARCH_PATHS = (
					"$(inherited)",
					"@executable_path/Frameworks",
				);
				MARKETING_VERSION = 1.0;
				PRODUCT_BUNDLE_IDENTIFIER = com.googlecode.iterm2.companion;
				PRODUCT_NAME = "$(TARGET_NAME)";
				SDKROOT = iphoneos;
				SWIFT_EMIT_LOC_STRINGS = YES;
				SWIFT_VERSION = 5.0;
				TARGETED_DEVICE_FAMILY = "1,2";
			};
			name = Debug;
		};
		A6F733B42FE4F475008441ED /* Debug */ = {
			isa = XCBuildConfiguration;
			buildSettings = {
				ASSETCATALOG_COMPILER_GENERATE_SWIFT_ASSET_SYMBOL_EXTENSIONS = YES;
				CLANG_CXX_LANGUAGE_STANDARD = "gnu++20";
				CLANG_ENABLE_MODULES = YES;
				CODE_SIGN_ENTITLEMENTS = PushService/PushService.entitlements;
				CODE_SIGN_STYLE = Automatic;
				CURRENT_PROJECT_VERSION = 4;
				DEVELOPMENT_TEAM = H7V7XYVQ7D;
				ENABLE_USER_SCRIPT_SANDBOXING = YES;
				GCC_C_LANGUAGE_STANDARD = gnu17;
				GENERATE_INFOPLIST_FILE = YES;
				INFOPLIST_FILE = PushService/Info.plist;
				INFOPLIST_KEY_CFBundleDisplayName = PushService;
				INFOPLIST_KEY_NSHumanReadableCopyright = "";
				IPHONEOS_DEPLOYMENT_TARGET = 26.0;
				LD_RUNPATH_SEARCH_PATHS = (
					"$(inherited)",
					"@executable_path/Frameworks",
					"@executable_path/../../Frameworks",
				);
				LOCALIZATION_PREFERS_STRING_CATALOGS = YES;
				MARKETING_VERSION = 1.0;
				PRODUCT_BUNDLE_IDENTIFIER = com.googlecode.iterm2.companion.PushService;
				PRODUCT_NAME = "$(TARGET_NAME)";
				SDKROOT = iphoneos;
				SKIP_INSTALL = YES;
				STRING_CATALOG_GENERATE_SYMBOLS = YES;
				SWIFT_ACTIVE_COMPILATION_CONDITIONS = "DEBUG $(inherited)";
				SWIFT_APPROACHABLE_CONCURRENCY = YES;
				SWIFT_EMIT_LOC_STRINGS = YES;
				SWIFT_OBJC_BRIDGING_HEADER = "PushService/PushService-Bridging-Header.h";
				SWIFT_OPTIMIZATION_LEVEL = "-Onone";
				SWIFT_UPCOMING_FEATURE_MEMBER_IMPORT_VISIBILITY = YES;
				SWIFT_VERSION = 5.0;
				TARGETED_DEVICE_FAMILY = "1,2";
			};
			name = Debug;
		};
		A6F733B52FE4F475008441ED /* Release */ = {
			isa = XCBuildConfiguration;
			buildSettings = {
				ASSETCATALOG_COMPILER_GENERATE_SWIFT_ASSET_SYMBOL_EXTENSIONS = YES;
				CLANG_CXX_LANGUAGE_STANDARD = "gnu++20";
				CLANG_ENABLE_MODULES = YES;
				CODE_SIGN_ENTITLEMENTS = PushService/PushService.entitlements;
				CODE_SIGN_STYLE = Automatic;
				CURRENT_PROJECT_VERSION = 4;
				DEVELOPMENT_TEAM = H7V7XYVQ7D;
				ENABLE_USER_SCRIPT_SANDBOXING = YES;
				GCC_C_LANGUAGE_STANDARD = gnu17;
				GENERATE_INFOPLIST_FILE = YES;
				INFOPLIST_FILE = PushService/Info.plist;
				INFOPLIST_KEY_CFBundleDisplayName = PushService;
				INFOPLIST_KEY_NSHumanReadableCopyright = "";
				IPHONEOS_DEPLOYMENT_TARGET = 26.0;
				LD_RUNPATH_SEARCH_PATHS = (
					"$(inherited)",
					"@executable_path/Frameworks",
					"@executable_path/../../Frameworks",
				);
				LOCALIZATION_PREFERS_STRING_CATALOGS = YES;
				MARKETING_VERSION = 1.0;
				PRODUCT_BUNDLE_IDENTIFIER = com.googlecode.iterm2.companion.PushService;
				PRODUCT_NAME = "$(TARGET_NAME)";
				SDKROOT = iphoneos;
				SKIP_INSTALL = YES;
				STRING_CATALOG_GENERATE_SYMBOLS = YES;
				SWIFT_APPROACHABLE_CONCURRENCY = YES;
				SWIFT_EMIT_LOC_STRINGS = YES;
				SWIFT_OBJC_BRIDGING_HEADER = "PushService/PushService-Bridging-Header.h";
				SWIFT_UPCOMING_FEATURE_MEMBER_IMPORT_VISIBILITY = YES;
				SWIFT_VERSION = 5.0;
				TARGETED_DEVICE_FAMILY = "1,2";
				VALIDATE_PRODUCT = YES;
			};
			name = Release;
		};
		EECDAF35AD205EE9DEEB0895 /* Release */ = {
			isa = XCBuildConfiguration;
			buildSettings = {
				ASSETCATALOG_COMPILER_APPICON_NAME = AppIcon;
				ASSETCATALOG_COMPILER_GLOBAL_ACCENT_COLOR_NAME = AccentColor;
				CLANG_ENABLE_OBJC_WEAK = NO;
				CODE_SIGN_ENTITLEMENTS = "iTerm2Companion/Resources/iTerm2Companion-Release.entitlements";
				CODE_SIGN_STYLE = Automatic;
				CURRENT_PROJECT_VERSION = 4;
				DEVELOPMENT_TEAM = H7V7XYVQ7D;
				ENABLE_PREVIEWS = YES;
				GENERATE_INFOPLIST_FILE = NO;
				INFOPLIST_FILE = iTerm2Companion/Resources/Info.plist;
				IPHONEOS_DEPLOYMENT_TARGET = 26.0;
				LD_RUNPATH_SEARCH_PATHS = (
					"$(inherited)",
					"@executable_path/Frameworks",
				);
				MARKETING_VERSION = 1.0;
				PRODUCT_BUNDLE_IDENTIFIER = com.googlecode.iterm2.companion;
				PRODUCT_NAME = "$(TARGET_NAME)";
				SDKROOT = iphoneos;
				SWIFT_EMIT_LOC_STRINGS = YES;
				SWIFT_VERSION = 5.0;
				TARGETED_DEVICE_FAMILY = "1,2";
				VALIDATE_PRODUCT = YES;
			};
			name = Release;
		};
		F5D32DDAE234A812682A2CB9 /* Release */ = {
			isa = XCBuildConfiguration;
			buildSettings = {
				ALWAYS_SEARCH_USER_PATHS = NO;
				CLANG_ANALYZER_NONNULL = YES;
				CLANG_ANALYZER_NUMBER_OBJECT_CONVERSION = YES_AGGRESSIVE;
				CLANG_CXX_LANGUAGE_STANDARD = "gnu++14";
				CLANG_CXX_LIBRARY = "libc++";
				CLANG_ENABLE_MODULES = YES;
				CLANG_ENABLE_OBJC_ARC = YES;
				CLANG_ENABLE_OBJC_WEAK = YES;
				CLANG_WARN_BLOCK_CAPTURE_AUTORELEASING = YES;
				CLANG_WARN_BOOL_CONVERSION = YES;
				CLANG_WARN_COMMA = YES;
				CLANG_WARN_CONSTANT_CONVERSION = YES;
				CLANG_WARN_DEPRECATED_OBJC_IMPLEMENTATIONS = YES;
				CLANG_WARN_DIRECT_OBJC_ISA_USAGE = YES_ERROR;
				CLANG_WARN_DOCUMENTATION_COMMENTS = YES;
				CLANG_WARN_EMPTY_BODY = YES;
				CLANG_WARN_ENUM_CONVERSION = YES;
				CLANG_WARN_INFINITE_RECURSION = YES;
				CLANG_WARN_INT_CONVERSION = YES;
				CLANG_WARN_NON_LITERAL_NULL_CONVERSION = YES;
				CLANG_WARN_OBJC_IMPLICIT_RETAIN_SELF = YES;
				CLANG_WARN_OBJC_LITERAL_CONVERSION = YES;
				CLANG_WARN_OBJC_ROOT_CLASS = YES_ERROR;
				CLANG_WARN_QUOTED_INCLUDE_IN_FRAMEWORK_HEADER = YES;
				CLANG_WARN_RANGE_LOOP_ANALYSIS = YES;
				CLANG_WARN_STRICT_PROTOTYPES = YES;
				CLANG_WARN_SUSPICIOUS_MOVE = YES;
				CLANG_WARN_UNGUARDED_AVAILABILITY = YES_AGGRESSIVE;
				CLANG_WARN_UNREACHABLE_CODE = YES;
				CLANG_WARN__DUPLICATE_METHOD_MATCH = YES;
				COPY_PHASE_STRIP = NO;
				DEBUG_INFORMATION_FORMAT = "dwarf-with-dsym";
				ENABLE_NS_ASSERTIONS = NO;
				ENABLE_STRICT_OBJC_MSGSEND = YES;
				GCC_C_LANGUAGE_STANDARD = gnu11;
				GCC_NO_COMMON_BLOCKS = YES;
				GCC_WARN_64_TO_32_BIT_CONVERSION = YES;
				GCC_WARN_ABOUT_RETURN_TYPE = YES_ERROR;
				GCC_WARN_UNDECLARED_SELECTOR = YES;
				GCC_WARN_UNINITIALIZED_AUTOS = YES_AGGRESSIVE;
				GCC_WARN_UNUSED_FUNCTION = YES;
				GCC_WARN_UNUSED_VARIABLE = YES;
				MTL_ENABLE_DEBUG_INFO = NO;
				MTL_FAST_MATH = YES;
				PRODUCT_NAME = "$(TARGET_NAME)";
				SWIFT_COMPILATION_MODE = wholemodule;
				SWIFT_OPTIMIZATION_LEVEL = "-O";
				SWIFT_VERSION = 5.0;
			};
			name = Release;
		};
/* End XCBuildConfiguration section */

/* Begin XCConfigurationList section */
		58EC91D7A1092C7371E60EA1 /* Build configuration list for PBXNativeTarget "iTerm2Companion" */ = {
			isa = XCConfigurationList;
			buildConfigurations = (
				EECDAF35AD205EE9DEEB0895 /* Release */,
				20DA8F57D839A712E83DF030 /* Debug */,
			);
			defaultConfigurationIsVisible = 0;
			defaultConfigurationName = Release;
		};
		A6F733B72FE4F475008441ED /* Build configuration list for PBXNativeTarget "PushService" */ = {
			isa = XCConfigurationList;
			buildConfigurations = (
				A6F733B42FE4F475008441ED /* Debug */,
				A6F733B52FE4F475008441ED /* Release */,
			);
			defaultConfigurationIsVisible = 0;
			defaultConfigurationName = Release;
		};
		C833A1A1E24B20F65A319982 /* Build configuration list for PBXProject "iTerm2Companion" */ = {
			isa = XCConfigurationList;
			buildConfigurations = (
				1CBBFA75F79BF86E83088595 /* Debug */,
				F5D32DDAE234A812682A2CB9 /* Release */,
			);
			defaultConfigurationIsVisible = 0;
			defaultConfigurationName = Release;
		};
/* End XCConfigurationList section */

/* Begin XCLocalSwiftPackageReference section */
		4246AC45F3F0AE05D62487DA /* XCLocalSwiftPackageReference "CompanionCore" */ = {
			isa = XCLocalSwiftPackageReference;
			relativePath = CompanionCore;
		};
/* End XCLocalSwiftPackageReference section */

/* Begin XCRemoteSwiftPackageReference section */
		BE69B8FFB370476F7A89C9E6 /* XCRemoteSwiftPackageReference "WhisperKit" */ = {
			isa = XCRemoteSwiftPackageReference;
			repositoryURL = "https://github.com/argmaxinc/WhisperKit.git";
			requirement = {
				kind = upToNextMajorVersion;
				minimumVersion = 1.0.0;
			};
		};
/* End XCRemoteSwiftPackageReference section */

/* Begin XCSwiftPackageProductDependency section */
		142EA5B59C3ABC475159B7C4 /* CompanionNoise */ = {
			isa = XCSwiftPackageProductDependency;
			package = 4246AC45F3F0AE05D62487DA /* XCLocalSwiftPackageReference "CompanionCore" */;
			productName = CompanionNoise;
		};
		1AEB85FB2914F4CB3224B70A /* CompanionProtocol */ = {
			isa = XCSwiftPackageProductDependency;
			package = 4246AC45F3F0AE05D62487DA /* XCLocalSwiftPackageReference "CompanionCore" */;
			productName = CompanionProtocol;
		};
		484C4315A31AC3A318C0B784 /* CompanionProtocol */ = {
			isa = XCSwiftPackageProductDependency;
			package = 4246AC45F3F0AE05D62487DA /* XCLocalSwiftPackageReference "CompanionCore" */;
			productName = CompanionProtocol;
		};
		9068012419B4B4FD8700E194 /* CompanionTransport */ = {
			isa = XCSwiftPackageProductDependency;
			package = 4246AC45F3F0AE05D62487DA /* XCLocalSwiftPackageReference "CompanionCore" */;
			productName = CompanionTransport;
		};
		B0BD45E7D04C87E3457C4170 /* CompanionNoise */ = {
			isa = XCSwiftPackageProductDependency;
			package = 4246AC45F3F0AE05D62487DA /* XCLocalSwiftPackageReference "CompanionCore" */;
			productName = CompanionNoise;
		};
		B6B192F7AC1A41A20B972238 /* CompanionTransport */ = {
			isa = XCSwiftPackageProductDependency;
			package = 4246AC45F3F0AE05D62487DA /* XCLocalSwiftPackageReference "CompanionCore" */;
			productName = CompanionTransport;
		};
		E3E1F2C0ADCD14F9D2393755 /* WhisperKit */ = {
			isa = XCSwiftPackageProductDependency;
			package = BE69B8FFB370476F7A89C9E6 /* XCRemoteSwiftPackageReference "WhisperKit" */;
			productName = WhisperKit;
		};
/* End XCSwiftPackageProductDependency section */
	};
	rootObject = EDB0CCD0EADC0F6220647478 /* Project object */;
}
