// !$*UTF8*$!
{
	archiveVersion = 1;
	classes = {
	};
	objectVersion = 46;
	objects = {

/* Begin PBXBuildFile section */
		0B411B5E911748B9272DA69B /* CompanionTransport in Frameworks */ = {isa = PBXBuildFile; productRef = BDC53337AC03A3ABBA749A5F /* CompanionTransport */; };
		1C65EB6373E71794DAB1FFE3 /* CompanionSession.swift in Sources */ = {isa = PBXBuildFile; fileRef = 4BB16E051D20FE12D8B12A4E /* CompanionSession.swift */; };
		1E7F8AA93027A36AA345F665 /* AIExplanationResponse.swift in Sources */ = {isa = PBXBuildFile; fileRef = 627FD3B277FE1666C2105669 /* AIExplanationResponse.swift */; };
		23C7F01CF4098C9FE06B9EB9 /* CompanionMessages.swift in Sources */ = {isa = PBXBuildFile; fileRef = BBCEC70DCCD1CF95FD2636C3 /* CompanionMessages.swift */; };
		26DB1ABC7125BD932C0F7D95 /* QRScannerView.swift in Sources */ = {isa = PBXBuildFile; fileRef = 49DF36FFE3DA89EEDACBF409 /* QRScannerView.swift */; };
		29EE3FD05950F3736C249C47 /* MentionParser.swift in Sources */ = {isa = PBXBuildFile; fileRef = 185E58A97A26A2D19ADC21B4 /* MentionParser.swift */; };
		2E651702237AD2E8C05B7EAA /* LaunchView.swift in Sources */ = {isa = PBXBuildFile; fileRef = 9359A0B38E1CA98E44A841A1 /* LaunchView.swift */; };
		345155DBBEC35B4DEEFFD498 /* Message.swift in Sources */ = {isa = PBXBuildFile; fileRef = 16EB6897004C98D0EB970996 /* Message.swift */; };
		387C005E1134B335305D667E /* Chat.swift in Sources */ = {isa = PBXBuildFile; fileRef = E42F5F56FE76F39B898EA270 /* Chat.swift */; };
		3F655CBDDFC9001F0990413C /* Foundation.framework in Frameworks */ = {isa = PBXBuildFile; fileRef = 2536474BA399D01AF647021E /* Foundation.framework */; };
		4208178304B782CBFC9EC0FF /* iTermAIError.swift in Sources */ = {isa = PBXBuildFile; fileRef = FD4E16A7426606DE1CD22EF5 /* iTermAIError.swift */; };
		4F6F3380717839225E4937B2 /* HomeView.swift in Sources */ = {isa = PBXBuildFile; fileRef = F7EAD3DC0C7D7EBC7AC203DE /* HomeView.swift */; };
		50D67CD6DD01E15B5D3D5073 /* MacShims.swift in Sources */ = {isa = PBXBuildFile; fileRef = 97B14F193B827F2D004495A9 /* MacShims.swift */; };
		5A929C42070CAD3A4A1E49A2 /* WorkgroupWatcher.swift in Sources */ = {isa = PBXBuildFile; fileRef = FB658B08BE566C6E56A7B763 /* WorkgroupWatcher.swift */; };
		5FE3DCE3CF19A08FA9CE5E23 /* CompanionProtocol in Frameworks */ = {isa = PBXBuildFile; productRef = 80E1B2F9894FC33EA1C2D911 /* CompanionProtocol */; };
		65833B8E5923B03298FA067A /* PhoneIdentity.swift in Sources */ = {isa = PBXBuildFile; fileRef = D862EB6266C166F1642BB603 /* PhoneIdentity.swift */; };
		686916954B4F26B19677C4B5 /* TerminalCommand.swift in Sources */ = {isa = PBXBuildFile; fileRef = 727D781B2DEBDFD5F2B2C564 /* TerminalCommand.swift */; };
		7273B038B462EF478EDBE0FE /* SettingsView.swift in Sources */ = {isa = PBXBuildFile; fileRef = 6E5235144494521F8D207A54 /* SettingsView.swift */; };
		7627FB68159C1145EAFAAEE5 /* AIExplanationRequest.swift in Sources */ = {isa = PBXBuildFile; fileRef = 25AEF5ECEEA1896D95CBBC0C /* AIExplanationRequest.swift */; };
		7718B04BA3FB5D975807D3BE /* Result+iTerm.swift in Sources */ = {isa = PBXBuildFile; fileRef = 77DDE8A306EBA4E84013395E /* Result+iTerm.swift */; };
		80FA4693C8EE6FB501388640 /* MessageBubbleView.swift in Sources */ = {isa = PBXBuildFile; fileRef = 861FC8BE985D03ADCF126B08 /* MessageBubbleView.swift */; };
		82EF6F36C8A82C5F1D026480 /* MacTypeShadows.swift in Sources */ = {isa = PBXBuildFile; fileRef = EFCC302521DC7C2C9C15F5BF /* MacTypeShadows.swift */; };
		8CE73699A14CAD8DE3475555 /* ScanningView.swift in Sources */ = {isa = PBXBuildFile; fileRef = 7E03374B850F51B93461CA68 /* ScanningView.swift */; };
		977211B179D93BB5E25465A7 /* CreateView.swift in Sources */ = {isa = PBXBuildFile; fileRef = 39651A8538817C3E3657B3D7 /* CreateView.swift */; };
		9BC3F6EA5A992E2A8CE30709 /* MentionComposerView.swift in Sources */ = {isa = PBXBuildFile; fileRef = 836349587AA532E79CC52F02 /* MentionComposerView.swift */; };
		A2E323D8435DAFF87FD899C9 /* PairingView.swift in Sources */ = {isa = PBXBuildFile; fileRef = 9FFEDA2E7FFA2935C41DE099 /* PairingView.swift */; };
		AA11A1AF00DF1821ECED5A98 /* LLM.swift in Sources */ = {isa = PBXBuildFile; fileRef = AF13CF49462AC81D50604F36 /* LLM.swift */; };
		AA56F2CF12D607937F3B2AA1 /* JSONValue.swift in Sources */ = {isa = PBXBuildFile; fileRef = BBBB2B7EC76726CDDAEFEEA7 /* JSONValue.swift */; };
		B1AB0A446E414397DDFC4ABA /* PrimaryButtonLabel.swift in Sources */ = {isa = PBXBuildFile; fileRef = 44AB3CCEB514385FF1D53F1D /* PrimaryButtonLabel.swift */; };
		B5324811534ECC76E09C72DB /* ConversationView.swift in Sources */ = {isa = PBXBuildFile; fileRef = AA9E89FA730720D5DE0FEBEB /* ConversationView.swift */; };
		BEA29E1DB8CC10B1EFBF8D07 /* SessionView.swift in Sources */ = {isa = PBXBuildFile; fileRef = D100F775B0315777A8595BD5 /* SessionView.swift */; };
		CD188B0CB6BA2C1265A07586 /* RemoteCommand.swift in Sources */ = {isa = PBXBuildFile; fileRef = EE9F213A812A4EAE7D6EA7AF /* RemoteCommand.swift */; };
		D9294D50C9410B3E59146895 /* NSDictionaryCodableBox.swift in Sources */ = {isa = PBXBuildFile; fileRef = F63A37CF6C00D1D0F0034A8D /* NSDictionaryCodableBox.swift */; };
		DAD26E33BAC9A349501EAA13 /* AppIcon.icon in Resources */ = {isa = PBXBuildFile; fileRef = 8849E69FFBE1D80AFFA73F24 /* AppIcon.icon */; };
		E52744D34D1571203619504B /* Assets.xcassets in Resources */ = {isa = PBXBuildFile; fileRef = 3C0028B96C48FCDF3C6A9942 /* Assets.xcassets */; };
		E86958E50ACDE564B2761505 /* AppModel.swift in Sources */ = {isa = PBXBuildFile; fileRef = 4514953B4D8E83AE29A848A1 /* AppModel.swift */; };
		F5DEA738B7337D05F279D8B4 /* iTerm2CompanionApp.swift in Sources */ = {isa = PBXBuildFile; fileRef = E01D5C8D04551B9EFF434F05 /* iTerm2CompanionApp.swift */; };
		F727078B986847134C9F58D5 /* CompanionNoise in Frameworks */ = {isa = PBXBuildFile; productRef = E3143AF3F06057FBD29C82F3 /* CompanionNoise */; };
		FF2FD8B1A1D0E52FFB55DE32 /* CompanionClient.swift in Sources */ = {isa = PBXBuildFile; fileRef = 1C097DEB319DDAC59529B743 /* CompanionClient.swift */; };
		FF35EC77DF0E9C77BA557928 /* WorkgroupView.swift in Sources */ = {isa = PBXBuildFile; fileRef = 5BB884A66ABB180595AE5DE8 /* WorkgroupView.swift */; };
/* End PBXBuildFile section */

/* Begin PBXFileReference section */
		16EB6897004C98D0EB970996 /* Message.swift */ = {isa = PBXFileReference; includeInIndex = 1; lastKnownFileType = sourcecode.swift; name = Message.swift; path = sources/AITerm/Message.swift; sourceTree = "<group>"; };
		183711133381427E552A7AF9 /* iTerm2Companion.app */ = {isa = PBXFileReference; explicitFileType = wrapper.application; includeInIndex = 0; path = iTerm2Companion.app; sourceTree = BUILT_PRODUCTS_DIR; };
		185E58A97A26A2D19ADC21B4 /* MentionParser.swift */ = {isa = PBXFileReference; includeInIndex = 1; lastKnownFileType = sourcecode.swift; name = MentionParser.swift; path = sources/ClaudeCode/Orchestration/MentionParser.swift; sourceTree = "<group>"; };
		1C097DEB319DDAC59529B743 /* CompanionClient.swift */ = {isa = PBXFileReference; includeInIndex = 1; lastKnownFileType = sourcecode.swift; path = CompanionClient.swift; sourceTree = "<group>"; };
		2536474BA399D01AF647021E /* Foundation.framework */ = {isa = PBXFileReference; lastKnownFileType = wrapper.framework; name = Foundation.framework; path = Platforms/iPhoneOS.platform/Developer/SDKs/iPhoneOS18.0.sdk/System/Library/Frameworks/Foundation.framework; sourceTree = DEVELOPER_DIR; };
		25AEF5ECEEA1896D95CBBC0C /* AIExplanationRequest.swift */ = {isa = PBXFileReference; includeInIndex = 1; lastKnownFileType = sourcecode.swift; name = AIExplanationRequest.swift; path = sources/AITerm/AIExplanationRequest.swift; sourceTree = "<group>"; };
		39651A8538817C3E3657B3D7 /* CreateView.swift */ = {isa = PBXFileReference; includeInIndex = 1; lastKnownFileType = sourcecode.swift; path = CreateView.swift; sourceTree = "<group>"; };
		3C0028B96C48FCDF3C6A9942 /* Assets.xcassets */ = {isa = PBXFileReference; includeInIndex = 1; lastKnownFileType = folder.assetcatalog; name = Assets.xcassets; path = Resources/Assets.xcassets; sourceTree = "<group>"; };
		44AB3CCEB514385FF1D53F1D /* PrimaryButtonLabel.swift */ = {isa = PBXFileReference; includeInIndex = 1; lastKnownFileType = sourcecode.swift; path = PrimaryButtonLabel.swift; sourceTree = "<group>"; };
		4514953B4D8E83AE29A848A1 /* AppModel.swift */ = {isa = PBXFileReference; includeInIndex = 1; lastKnownFileType = sourcecode.swift; path = AppModel.swift; sourceTree = "<group>"; };
		49DF36FFE3DA89EEDACBF409 /* QRScannerView.swift */ = {isa = PBXFileReference; includeInIndex = 1; lastKnownFileType = sourcecode.swift; path = QRScannerView.swift; sourceTree = "<group>"; };
		4BB16E051D20FE12D8B12A4E /* CompanionSession.swift */ = {isa = PBXFileReference; includeInIndex = 1; lastKnownFileType = sourcecode.swift; name = CompanionSession.swift; path = sources/Companion/Shared/CompanionSession.swift; sourceTree = "<group>"; };
		5BB884A66ABB180595AE5DE8 /* WorkgroupView.swift */ = {isa = PBXFileReference; includeInIndex = 1; lastKnownFileType = sourcecode.swift; path = WorkgroupView.swift; sourceTree = "<group>"; };
		627FD3B277FE1666C2105669 /* AIExplanationResponse.swift */ = {isa = PBXFileReference; includeInIndex = 1; lastKnownFileType = sourcecode.swift; name = AIExplanationResponse.swift; path = sources/AITerm/AIExplanationResponse.swift; sourceTree = "<group>"; };
		6E5235144494521F8D207A54 /* SettingsView.swift */ = {isa = PBXFileReference; includeInIndex = 1; lastKnownFileType = sourcecode.swift; path = SettingsView.swift; sourceTree = "<group>"; };
		727D781B2DEBDFD5F2B2C564 /* TerminalCommand.swift */ = {isa = PBXFileReference; includeInIndex = 1; lastKnownFileType = sourcecode.swift; name = TerminalCommand.swift; path = sources/AITerm/TerminalCommand.swift; sourceTree = "<group>"; };
		77DDE8A306EBA4E84013395E /* Result+iTerm.swift */ = {isa = PBXFileReference; includeInIndex = 1; lastKnownFileType = sourcecode.swift; name = "Result+iTerm.swift"; path = "sources/Categories/Result+iTerm.swift"; sourceTree = "<group>"; };
		7E03374B850F51B93461CA68 /* ScanningView.swift */ = {isa = PBXFileReference; includeInIndex = 1; lastKnownFileType = sourcecode.swift; path = ScanningView.swift; sourceTree = "<group>"; };
		836349587AA532E79CC52F02 /* MentionComposerView.swift */ = {isa = PBXFileReference; includeInIndex = 1; lastKnownFileType = sourcecode.swift; path = MentionComposerView.swift; sourceTree = "<group>"; };
		861FC8BE985D03ADCF126B08 /* MessageBubbleView.swift */ = {isa = PBXFileReference; includeInIndex = 1; lastKnownFileType = sourcecode.swift; path = MessageBubbleView.swift; sourceTree = "<group>"; };
		8849E69FFBE1D80AFFA73F24 /* AppIcon.icon */ = {isa = PBXFileReference; includeInIndex = 1; name = AppIcon.icon; path = Resources/AppIcon.icon; sourceTree = "<group>"; };
		9359A0B38E1CA98E44A841A1 /* LaunchView.swift */ = {isa = PBXFileReference; includeInIndex = 1; lastKnownFileType = sourcecode.swift; path = LaunchView.swift; sourceTree = "<group>"; };
		97B14F193B827F2D004495A9 /* MacShims.swift */ = {isa = PBXFileReference; includeInIndex = 1; lastKnownFileType = sourcecode.swift; path = MacShims.swift; sourceTree = "<group>"; };
		9FFEDA2E7FFA2935C41DE099 /* PairingView.swift */ = {isa = PBXFileReference; includeInIndex = 1; lastKnownFileType = sourcecode.swift; path = PairingView.swift; sourceTree = "<group>"; };
		AA9E89FA730720D5DE0FEBEB /* ConversationView.swift */ = {isa = PBXFileReference; includeInIndex = 1; lastKnownFileType = sourcecode.swift; path = ConversationView.swift; sourceTree = "<group>"; };
		AF13CF49462AC81D50604F36 /* LLM.swift */ = {isa = PBXFileReference; includeInIndex = 1; lastKnownFileType = sourcecode.swift; name = LLM.swift; path = sources/AITerm/LLM.swift; sourceTree = "<group>"; };
		BBBB2B7EC76726CDDAEFEEA7 /* JSONValue.swift */ = {isa = PBXFileReference; includeInIndex = 1; lastKnownFileType = sourcecode.swift; path = JSONValue.swift; sourceTree = "<group>"; };
		BBCEC70DCCD1CF95FD2636C3 /* CompanionMessages.swift */ = {isa = PBXFileReference; includeInIndex = 1; lastKnownFileType = sourcecode.swift; name = CompanionMessages.swift; path = sources/Companion/Shared/CompanionMessages.swift; sourceTree = "<group>"; };
		D100F775B0315777A8595BD5 /* SessionView.swift */ = {isa = PBXFileReference; includeInIndex = 1; lastKnownFileType = sourcecode.swift; path = SessionView.swift; sourceTree = "<group>"; };
		D862EB6266C166F1642BB603 /* PhoneIdentity.swift */ = {isa = PBXFileReference; includeInIndex = 1; lastKnownFileType = sourcecode.swift; path = PhoneIdentity.swift; sourceTree = "<group>"; };
		E01D5C8D04551B9EFF434F05 /* iTerm2CompanionApp.swift */ = {isa = PBXFileReference; includeInIndex = 1; lastKnownFileType = sourcecode.swift; path = iTerm2CompanionApp.swift; sourceTree = "<group>"; };
		E42F5F56FE76F39B898EA270 /* Chat.swift */ = {isa = PBXFileReference; includeInIndex = 1; lastKnownFileType = sourcecode.swift; name = Chat.swift; path = sources/AITerm/Chat.swift; sourceTree = "<group>"; };
		EE9F213A812A4EAE7D6EA7AF /* RemoteCommand.swift */ = {isa = PBXFileReference; includeInIndex = 1; lastKnownFileType = sourcecode.swift; name = RemoteCommand.swift; path = sources/AITerm/RemoteCommand.swift; sourceTree = "<group>"; };
		EFCC302521DC7C2C9C15F5BF /* MacTypeShadows.swift */ = {isa = PBXFileReference; includeInIndex = 1; lastKnownFileType = sourcecode.swift; path = MacTypeShadows.swift; sourceTree = "<group>"; };
		F63A37CF6C00D1D0F0034A8D /* NSDictionaryCodableBox.swift */ = {isa = PBXFileReference; includeInIndex = 1; lastKnownFileType = sourcecode.swift; name = NSDictionaryCodableBox.swift; path = sources/Categories/NSDictionaryCodableBox.swift; sourceTree = "<group>"; };
		F7EAD3DC0C7D7EBC7AC203DE /* HomeView.swift */ = {isa = PBXFileReference; includeInIndex = 1; lastKnownFileType = sourcecode.swift; path = HomeView.swift; sourceTree = "<group>"; };
		FB658B08BE566C6E56A7B763 /* WorkgroupWatcher.swift */ = {isa = PBXFileReference; includeInIndex = 1; lastKnownFileType = sourcecode.swift; name = WorkgroupWatcher.swift; path = sources/ClaudeCode/Orchestration/WorkgroupWatcher.swift; sourceTree = "<group>"; };
		FD4E16A7426606DE1CD22EF5 /* iTermAIError.swift */ = {isa = PBXFileReference; includeInIndex = 1; lastKnownFileType = sourcecode.swift; name = iTermAIError.swift; path = sources/AITerm/iTermAIError.swift; sourceTree = "<group>"; };
/* End PBXFileReference section */

/* Begin PBXFrameworksBuildPhase section */
		8EBB11B33754CC75CC091E2D /* Frameworks */ = {
			isa = PBXFrameworksBuildPhase;
			buildActionMask = 2147483647;
			files = (
				3F655CBDDFC9001F0990413C /* Foundation.framework in Frameworks */,
				5FE3DCE3CF19A08FA9CE5E23 /* CompanionProtocol in Frameworks */,
				F727078B986847134C9F58D5 /* CompanionNoise in Frameworks */,
				0B411B5E911748B9272DA69B /* CompanionTransport in Frameworks */,
			);
			runOnlyForDeploymentPostprocessing = 0;
		};
/* End PBXFrameworksBuildPhase section */

/* Begin PBXGroup section */
		0669596E7B237A6606451D01 /* Connection */ = {
			isa = PBXGroup;
			children = (
				1C097DEB319DDAC59529B743 /* CompanionClient.swift */,
				D862EB6266C166F1642BB603 /* PhoneIdentity.swift */,
			);
			name = Connection;
			path = Connection;
			sourceTree = "<group>";
		};
		0ED8CB3AA29C77B8F705D513 /* iTerm2Companion */ = {
			isa = PBXGroup;
			children = (
				F76828ECEEA31F23563942F0 /* App */,
				0669596E7B237A6606451D01 /* Connection */,
				34B0B18D9FCDE55DB643C1CA /* Satellites */,
				558FB0B09D93894F8F78B7F0 /* Screens */,
				66F2A2155642062FABFDD712 /* Views */,
				3C0028B96C48FCDF3C6A9942 /* Assets.xcassets */,
				8849E69FFBE1D80AFFA73F24 /* AppIcon.icon */,
			);
			name = iTerm2Companion;
			path = iTerm2Companion;
			sourceTree = "<group>";
		};
		285F7AFAD2199EC81243457D /* Frameworks */ = {
			isa = PBXGroup;
			children = (
				4CD9F63CAA87BD8EEAB504EB /* iOS */,
			);
			name = Frameworks;
			sourceTree = "<group>";
		};
		3318FF9870C23E00E94A8FEB /* Products */ = {
			isa = PBXGroup;
			children = (
				183711133381427E552A7AF9 /* iTerm2Companion.app */,
			);
			name = Products;
			sourceTree = "<group>";
		};
		34B0B18D9FCDE55DB643C1CA /* Satellites */ = {
			isa = PBXGroup;
			children = (
				BBBB2B7EC76726CDDAEFEEA7 /* JSONValue.swift */,
				97B14F193B827F2D004495A9 /* MacShims.swift */,
				EFCC302521DC7C2C9C15F5BF /* MacTypeShadows.swift */,
			);
			name = Satellites;
			path = Satellites;
			sourceTree = "<group>";
		};
		4CD9F63CAA87BD8EEAB504EB /* iOS */ = {
			isa = PBXGroup;
			children = (
				2536474BA399D01AF647021E /* Foundation.framework */,
			);
			name = iOS;
			sourceTree = "<group>";
		};
		558FB0B09D93894F8F78B7F0 /* Screens */ = {
			isa = PBXGroup;
			children = (
				AA9E89FA730720D5DE0FEBEB /* ConversationView.swift */,
				39651A8538817C3E3657B3D7 /* CreateView.swift */,
				F7EAD3DC0C7D7EBC7AC203DE /* HomeView.swift */,
				9359A0B38E1CA98E44A841A1 /* LaunchView.swift */,
				9FFEDA2E7FFA2935C41DE099 /* PairingView.swift */,
				49DF36FFE3DA89EEDACBF409 /* QRScannerView.swift */,
				7E03374B850F51B93461CA68 /* ScanningView.swift */,
				D100F775B0315777A8595BD5 /* SessionView.swift */,
				6E5235144494521F8D207A54 /* SettingsView.swift */,
				5BB884A66ABB180595AE5DE8 /* WorkgroupView.swift */,
			);
			name = Screens;
			path = Screens;
			sourceTree = "<group>";
		};
		66F2A2155642062FABFDD712 /* Views */ = {
			isa = PBXGroup;
			children = (
				836349587AA532E79CC52F02 /* MentionComposerView.swift */,
				861FC8BE985D03ADCF126B08 /* MessageBubbleView.swift */,
				44AB3CCEB514385FF1D53F1D /* PrimaryButtonLabel.swift */,
			);
			name = Views;
			path = Views;
			sourceTree = "<group>";
		};
		84AB29A50BE7FEFC28405B19 /* SharedFromMac */ = {
			isa = PBXGroup;
			children = (
				16EB6897004C98D0EB970996 /* Message.swift */,
				E42F5F56FE76F39B898EA270 /* Chat.swift */,
				EE9F213A812A4EAE7D6EA7AF /* RemoteCommand.swift */,
				AF13CF49462AC81D50604F36 /* LLM.swift */,
				25AEF5ECEEA1896D95CBBC0C /* AIExplanationRequest.swift */,
				627FD3B277FE1666C2105669 /* AIExplanationResponse.swift */,
				FD4E16A7426606DE1CD22EF5 /* iTermAIError.swift */,
				727D781B2DEBDFD5F2B2C564 /* TerminalCommand.swift */,
				77DDE8A306EBA4E84013395E /* Result+iTerm.swift */,
				F63A37CF6C00D1D0F0034A8D /* NSDictionaryCodableBox.swift */,
				185E58A97A26A2D19ADC21B4 /* MentionParser.swift */,
				FB658B08BE566C6E56A7B763 /* WorkgroupWatcher.swift */,
				BBCEC70DCCD1CF95FD2636C3 /* CompanionMessages.swift */,
				4BB16E051D20FE12D8B12A4E /* CompanionSession.swift */,
			);
			name = SharedFromMac;
			path = ..;
			sourceTree = "<group>";
		};
		8A33E9ED1BDA7A4A1135A95F = {
			isa = PBXGroup;
			children = (
				3318FF9870C23E00E94A8FEB /* Products */,
				285F7AFAD2199EC81243457D /* Frameworks */,
				0ED8CB3AA29C77B8F705D513 /* iTerm2Companion */,
				84AB29A50BE7FEFC28405B19 /* SharedFromMac */,
			);
			sourceTree = "<group>";
		};
		F76828ECEEA31F23563942F0 /* App */ = {
			isa = PBXGroup;
			children = (
				4514953B4D8E83AE29A848A1 /* AppModel.swift */,
				E01D5C8D04551B9EFF434F05 /* iTerm2CompanionApp.swift */,
			);
			name = App;
			path = App;
			sourceTree = "<group>";
		};
/* End PBXGroup section */

/* Begin PBXNativeTarget section */
		59BB75AF403FA14DD2E211A7 /* iTerm2Companion */ = {
			isa = PBXNativeTarget;
			buildConfigurationList = 5CBDABDF23A474F197F50294 /* Build configuration list for PBXNativeTarget "iTerm2Companion" */;
			buildPhases = (
				3E667B5E137B3AF39C3D852D /* Sources */,
				8EBB11B33754CC75CC091E2D /* Frameworks */,
				EA5D8FC0DB43095694763938 /* Resources */,
			);
			buildRules = (
			);
			dependencies = (
			);
			name = iTerm2Companion;
			packageProductDependencies = (
				80E1B2F9894FC33EA1C2D911 /* CompanionProtocol */,
				E3143AF3F06057FBD29C82F3 /* CompanionNoise */,
				BDC53337AC03A3ABBA749A5F /* CompanionTransport */,
			);
			productName = iTerm2Companion;
			productReference = 183711133381427E552A7AF9 /* iTerm2Companion.app */;
			productType = "com.apple.product-type.application";
		};
/* End PBXNativeTarget section */

/* Begin PBXProject section */
		59DCB9D2384BF3291F144B3B /* Project object */ = {
			isa = PBXProject;
			attributes = {
				LastSwiftUpdateCheck = 1600;
				LastUpgradeCheck = 1600;
			};
			buildConfigurationList = CCFB8AA7899F15D0E1C56FA3 /* Build configuration list for PBXProject "iTerm2Companion" */;
			compatibilityVersion = "Xcode 3.2";
			developmentRegion = en;
			hasScannedForEncodings = 0;
			knownRegions = (
				en,
				Base,
			);
			mainGroup = 8A33E9ED1BDA7A4A1135A95F;
			minimizedProjectReferenceProxies = 0;
			packageReferences = (
				739846059513E5AFE86DA579 /* XCLocalSwiftPackageReference "CompanionCore" */,
			);
			preferredProjectObjectVersion = 77;
			productRefGroup = 3318FF9870C23E00E94A8FEB /* Products */;
			projectDirPath = "";
			projectRoot = "";
			targets = (
				59BB75AF403FA14DD2E211A7 /* iTerm2Companion */,
			);
		};
/* End PBXProject section */

/* Begin PBXResourcesBuildPhase section */
		EA5D8FC0DB43095694763938 /* Resources */ = {
			isa = PBXResourcesBuildPhase;
			buildActionMask = 2147483647;
			files = (
				E52744D34D1571203619504B /* Assets.xcassets in Resources */,
				DAD26E33BAC9A349501EAA13 /* AppIcon.icon in Resources */,
			);
			runOnlyForDeploymentPostprocessing = 0;
		};
/* End PBXResourcesBuildPhase section */

/* Begin PBXSourcesBuildPhase section */
		3E667B5E137B3AF39C3D852D /* Sources */ = {
			isa = PBXSourcesBuildPhase;
			buildActionMask = 2147483647;
			files = (
				E86958E50ACDE564B2761505 /* AppModel.swift in Sources */,
				F5DEA738B7337D05F279D8B4 /* iTerm2CompanionApp.swift in Sources */,
				FF2FD8B1A1D0E52FFB55DE32 /* CompanionClient.swift in Sources */,
				65833B8E5923B03298FA067A /* PhoneIdentity.swift in Sources */,
				AA56F2CF12D607937F3B2AA1 /* JSONValue.swift in Sources */,
				50D67CD6DD01E15B5D3D5073 /* MacShims.swift in Sources */,
				82EF6F36C8A82C5F1D026480 /* MacTypeShadows.swift in Sources */,
				B5324811534ECC76E09C72DB /* ConversationView.swift in Sources */,
				977211B179D93BB5E25465A7 /* CreateView.swift in Sources */,
				4F6F3380717839225E4937B2 /* HomeView.swift in Sources */,
				2E651702237AD2E8C05B7EAA /* LaunchView.swift in Sources */,
				A2E323D8435DAFF87FD899C9 /* PairingView.swift in Sources */,
				26DB1ABC7125BD932C0F7D95 /* QRScannerView.swift in Sources */,
				8CE73699A14CAD8DE3475555 /* ScanningView.swift in Sources */,
				BEA29E1DB8CC10B1EFBF8D07 /* SessionView.swift in Sources */,
				7273B038B462EF478EDBE0FE /* SettingsView.swift in Sources */,
				FF35EC77DF0E9C77BA557928 /* WorkgroupView.swift in Sources */,
				9BC3F6EA5A992E2A8CE30709 /* MentionComposerView.swift in Sources */,
				80FA4693C8EE6FB501388640 /* MessageBubbleView.swift in Sources */,
				B1AB0A446E414397DDFC4ABA /* PrimaryButtonLabel.swift in Sources */,
				345155DBBEC35B4DEEFFD498 /* Message.swift in Sources */,
				387C005E1134B335305D667E /* Chat.swift in Sources */,
				CD188B0CB6BA2C1265A07586 /* RemoteCommand.swift in Sources */,
				AA11A1AF00DF1821ECED5A98 /* LLM.swift in Sources */,
				7627FB68159C1145EAFAAEE5 /* AIExplanationRequest.swift in Sources */,
				1E7F8AA93027A36AA345F665 /* AIExplanationResponse.swift in Sources */,
				4208178304B782CBFC9EC0FF /* iTermAIError.swift in Sources */,
				686916954B4F26B19677C4B5 /* TerminalCommand.swift in Sources */,
				7718B04BA3FB5D975807D3BE /* Result+iTerm.swift in Sources */,
				D9294D50C9410B3E59146895 /* NSDictionaryCodableBox.swift in Sources */,
				29EE3FD05950F3736C249C47 /* MentionParser.swift in Sources */,
				5A929C42070CAD3A4A1E49A2 /* WorkgroupWatcher.swift in Sources */,
				23C7F01CF4098C9FE06B9EB9 /* CompanionMessages.swift in Sources */,
				1C65EB6373E71794DAB1FFE3 /* CompanionSession.swift in Sources */,
			);
			runOnlyForDeploymentPostprocessing = 0;
		};
/* End PBXSourcesBuildPhase section */

/* Begin XCBuildConfiguration section */
		4722887D47242F8738C69B66 /* Debug */ = {
			isa = XCBuildConfiguration;
			buildSettings = {
				ALWAYS_SEARCH_USER_PATHS = NO;
				CLANG_ANALYZER_NONNULL = YES;
				CLANG_ANALYZER_NUMBER_OBJECT_CONVERSION = YES_AGGRESSIVE;
				CLANG_CXX_LANGUAGE_STANDARD = "gnu++14";
				CLANG_CXX_LIBRARY = "libc++";
				CLANG_ENABLE_MODULES = YES;
				CLANG_ENABLE_OBJC_ARC = YES;
				CLANG_ENABLE_OBJC_WEAK = YES;
				CLANG_WARN_BLOCK_CAPTURE_AUTORELEASING = YES;
				CLANG_WARN_BOOL_CONVERSION = YES;
				CLANG_WARN_COMMA = YES;
				CLANG_WARN_CONSTANT_CONVERSION = YES;
				CLANG_WARN_DEPRECATED_OBJC_IMPLEMENTATIONS = YES;
				CLANG_WARN_DIRECT_OBJC_ISA_USAGE = YES_ERROR;
				CLANG_WARN_DOCUMENTATION_COMMENTS = YES;
				CLANG_WARN_EMPTY_BODY = YES;
				CLANG_WARN_ENUM_CONVERSION = YES;
				CLANG_WARN_INFINITE_RECURSION = YES;
				CLANG_WARN_INT_CONVERSION = YES;
				CLANG_WARN_NON_LITERAL_NULL_CONVERSION = YES;
				CLANG_WARN_OBJC_IMPLICIT_RETAIN_SELF = YES;
				CLANG_WARN_OBJC_LITERAL_CONVERSION = YES;
				CLANG_WARN_OBJC_ROOT_CLASS = YES_ERROR;
				CLANG_WARN_QUOTED_INCLUDE_IN_FRAMEWORK_HEADER = YES;
				CLANG_WARN_RANGE_LOOP_ANALYSIS = YES;
				CLANG_WARN_STRICT_PROTOTYPES = YES;
				CLANG_WARN_SUSPICIOUS_MOVE = YES;
				CLANG_WARN_UNGUARDED_AVAILABILITY = YES_AGGRESSIVE;
				CLANG_WARN_UNREACHABLE_CODE = YES;
				CLANG_WARN__DUPLICATE_METHOD_MATCH = YES;
				COPY_PHASE_STRIP = NO;
				DEBUG_INFORMATION_FORMAT = dwarf;
				ENABLE_STRICT_OBJC_MSGSEND = YES;
				ENABLE_TESTABILITY = YES;
				GCC_C_LANGUAGE_STANDARD = gnu11;
				GCC_DYNAMIC_NO_PIC = NO;
				GCC_NO_COMMON_BLOCKS = YES;
				GCC_OPTIMIZATION_LEVEL = 0;
				GCC_PREPROCESSOR_DEFINITIONS = (
					"DEBUG=1",
					"$(inherited)",
				);
				GCC_WARN_64_TO_32_BIT_CONVERSION = YES;
				GCC_WARN_ABOUT_RETURN_TYPE = YES_ERROR;
				GCC_WARN_UNDECLARED_SELECTOR = YES;
				GCC_WARN_UNINITIALIZED_AUTOS = YES_AGGRESSIVE;
				GCC_WARN_UNUSED_FUNCTION = YES;
				GCC_WARN_UNUSED_VARIABLE = YES;
				MTL_ENABLE_DEBUG_INFO = INCLUDE_SOURCE;
				MTL_FAST_MATH = YES;
				ONLY_ACTIVE_ARCH = YES;
				PRODUCT_NAME = "$(TARGET_NAME)";
				SWIFT_ACTIVE_COMPILATION_CONDITIONS = DEBUG;
				SWIFT_OPTIMIZATION_LEVEL = "-Onone";
				SWIFT_VERSION = 5.0;
			};
			name = Debug;
		};
		5E1AD307C82411BE5256796F /* Debug */ = {
			isa = XCBuildConfiguration;
			buildSettings = {
				ASSETCATALOG_COMPILER_APPICON_NAME = AppIcon;
				ASSETCATALOG_COMPILER_GLOBAL_ACCENT_COLOR_NAME = AccentColor;
				CLANG_ENABLE_OBJC_WEAK = NO;
				CODE_SIGN_STYLE = Automatic;
				CURRENT_PROJECT_VERSION = 1;
				DEVELOPMENT_TEAM = H7V7XYVQ7D;
				ENABLE_PREVIEWS = YES;
				GENERATE_INFOPLIST_FILE = NO;
				INFOPLIST_FILE = iTerm2Companion/Resources/Info.plist;
				IPHONEOS_DEPLOYMENT_TARGET = 17.0;
				LD_RUNPATH_SEARCH_PATHS = "$(inherited) @executable_path/Frameworks";
				MARKETING_VERSION = 1.0;
				PRODUCT_BUNDLE_IDENTIFIER = com.googlecode.iterm2.companion;
				PRODUCT_NAME = "$(TARGET_NAME)";
				SDKROOT = iphoneos;
				SWIFT_EMIT_LOC_STRINGS = YES;
				SWIFT_VERSION = 5.0;
				TARGETED_DEVICE_FAMILY = "1,2";
			};
			name = Debug;
		};
		905BB821FD16092C35109D94 /* Release */ = {
			isa = XCBuildConfiguration;
			buildSettings = {
				ALWAYS_SEARCH_USER_PATHS = NO;
				CLANG_ANALYZER_NONNULL = YES;
				CLANG_ANALYZER_NUMBER_OBJECT_CONVERSION = YES_AGGRESSIVE;
				CLANG_CXX_LANGUAGE_STANDARD = "gnu++14";
				CLANG_CXX_LIBRARY = "libc++";
				CLANG_ENABLE_MODULES = YES;
				CLANG_ENABLE_OBJC_ARC = YES;
				CLANG_ENABLE_OBJC_WEAK = YES;
				CLANG_WARN_BLOCK_CAPTURE_AUTORELEASING = YES;
				CLANG_WARN_BOOL_CONVERSION = YES;
				CLANG_WARN_COMMA = YES;
				CLANG_WARN_CONSTANT_CONVERSION = YES;
				CLANG_WARN_DEPRECATED_OBJC_IMPLEMENTATIONS = YES;
				CLANG_WARN_DIRECT_OBJC_ISA_USAGE = YES_ERROR;
				CLANG_WARN_DOCUMENTATION_COMMENTS = YES;
				CLANG_WARN_EMPTY_BODY = YES;
				CLANG_WARN_ENUM_CONVERSION = YES;
				CLANG_WARN_INFINITE_RECURSION = YES;
				CLANG_WARN_INT_CONVERSION = YES;
				CLANG_WARN_NON_LITERAL_NULL_CONVERSION = YES;
				CLANG_WARN_OBJC_IMPLICIT_RETAIN_SELF = YES;
				CLANG_WARN_OBJC_LITERAL_CONVERSION = YES;
				CLANG_WARN_OBJC_ROOT_CLASS = YES_ERROR;
				CLANG_WARN_QUOTED_INCLUDE_IN_FRAMEWORK_HEADER = YES;
				CLANG_WARN_RANGE_LOOP_ANALYSIS = YES;
				CLANG_WARN_STRICT_PROTOTYPES = YES;
				CLANG_WARN_SUSPICIOUS_MOVE = YES;
				CLANG_WARN_UNGUARDED_AVAILABILITY = YES_AGGRESSIVE;
				CLANG_WARN_UNREACHABLE_CODE = YES;
				CLANG_WARN__DUPLICATE_METHOD_MATCH = YES;
				COPY_PHASE_STRIP = NO;
				DEBUG_INFORMATION_FORMAT = "dwarf-with-dsym";
				ENABLE_NS_ASSERTIONS = NO;
				ENABLE_STRICT_OBJC_MSGSEND = YES;
				GCC_C_LANGUAGE_STANDARD = gnu11;
				GCC_NO_COMMON_BLOCKS = YES;
				GCC_WARN_64_TO_32_BIT_CONVERSION = YES;
				GCC_WARN_ABOUT_RETURN_TYPE = YES_ERROR;
				GCC_WARN_UNDECLARED_SELECTOR = YES;
				GCC_WARN_UNINITIALIZED_AUTOS = YES_AGGRESSIVE;
				GCC_WARN_UNUSED_FUNCTION = YES;
				GCC_WARN_UNUSED_VARIABLE = YES;
				MTL_ENABLE_DEBUG_INFO = NO;
				MTL_FAST_MATH = YES;
				PRODUCT_NAME = "$(TARGET_NAME)";
				SWIFT_COMPILATION_MODE = wholemodule;
				SWIFT_OPTIMIZATION_LEVEL = "-O";
				SWIFT_VERSION = 5.0;
			};
			name = Release;
		};
		99C57E6DA8B2D61E422D614B /* Release */ = {
			isa = XCBuildConfiguration;
			buildSettings = {
				ASSETCATALOG_COMPILER_APPICON_NAME = AppIcon;
				ASSETCATALOG_COMPILER_GLOBAL_ACCENT_COLOR_NAME = AccentColor;
				CLANG_ENABLE_OBJC_WEAK = NO;
				CODE_SIGN_STYLE = Automatic;
				CURRENT_PROJECT_VERSION = 1;
				DEVELOPMENT_TEAM = H7V7XYVQ7D;
				ENABLE_PREVIEWS = YES;
				GENERATE_INFOPLIST_FILE = NO;
				INFOPLIST_FILE = iTerm2Companion/Resources/Info.plist;
				IPHONEOS_DEPLOYMENT_TARGET = 17.0;
				LD_RUNPATH_SEARCH_PATHS = "$(inherited) @executable_path/Frameworks";
				MARKETING_VERSION = 1.0;
				PRODUCT_BUNDLE_IDENTIFIER = com.googlecode.iterm2.companion;
				PRODUCT_NAME = "$(TARGET_NAME)";
				SDKROOT = iphoneos;
				SWIFT_EMIT_LOC_STRINGS = YES;
				SWIFT_VERSION = 5.0;
				TARGETED_DEVICE_FAMILY = "1,2";
				VALIDATE_PRODUCT = YES;
			};
			name = Release;
		};
/* End XCBuildConfiguration section */

/* Begin XCConfigurationList section */
		5CBDABDF23A474F197F50294 /* Build configuration list for PBXNativeTarget "iTerm2Companion" */ = {
			isa = XCConfigurationList;
			buildConfigurations = (
				99C57E6DA8B2D61E422D614B /* Release */,
				5E1AD307C82411BE5256796F /* Debug */,
			);
			defaultConfigurationIsVisible = 0;
			defaultConfigurationName = Release;
		};
		CCFB8AA7899F15D0E1C56FA3 /* Build configuration list for PBXProject "iTerm2Companion" */ = {
			isa = XCConfigurationList;
			buildConfigurations = (
				4722887D47242F8738C69B66 /* Debug */,
				905BB821FD16092C35109D94 /* Release */,
			);
			defaultConfigurationIsVisible = 0;
			defaultConfigurationName = Release;
		};
/* End XCConfigurationList section */

/* Begin XCLocalSwiftPackageReference section */
		739846059513E5AFE86DA579 /* XCLocalSwiftPackageReference "CompanionCore" */ = {
			isa = XCLocalSwiftPackageReference;
			relativePath = CompanionCore;
		};
/* End XCLocalSwiftPackageReference section */

/* Begin XCSwiftPackageProductDependency section */
		80E1B2F9894FC33EA1C2D911 /* CompanionProtocol */ = {
			isa = XCSwiftPackageProductDependency;
			package = 739846059513E5AFE86DA579 /* XCLocalSwiftPackageReference "CompanionCore" */;
			productName = CompanionProtocol;
		};
		BDC53337AC03A3ABBA749A5F /* CompanionTransport */ = {
			isa = XCSwiftPackageProductDependency;
			package = 739846059513E5AFE86DA579 /* XCLocalSwiftPackageReference "CompanionCore" */;
			productName = CompanionTransport;
		};
		E3143AF3F06057FBD29C82F3 /* CompanionNoise */ = {
			isa = XCSwiftPackageProductDependency;
			package = 739846059513E5AFE86DA579 /* XCLocalSwiftPackageReference "CompanionCore" */;
			productName = CompanionNoise;
		};
/* End XCSwiftPackageProductDependency section */
	};
	rootObject = 59DCB9D2384BF3291F144B3B /* Project object */;
}
